// !$*UTF8*$!
{
	archiveVersion = 1;
	classes = {
	};
	objectVersion = 46;
	objects = {

/* Begin PBXBuildFile section */
		2306F40B1886116E008031BD /* NFView.m in Sources */ = {isa = PBXBuildFile; fileRef = 2306F40A1886116E008031BD /* NFView.m */; };
		232BDD981A15A17500BB8A6C /* NFUtils.m in Sources */ = {isa = PBXBuildFile; fileRef = 232BDD971A15A17500BB8A6C /* NFUtils.m */; };
		233214D81901F9FD0006EFA3 /* NFAssetLoader.m in Sources */ = {isa = PBXBuildFile; fileRef = 233214D71901F9FD0006EFA3 /* NFAssetLoader.m */; };
		233797EE1885E1CA00399EBA /* NFWavefrontObj.m in Sources */ = {isa = PBXBuildFile; fileRef = 233797EC1885E1CA00399EBA /* NFWavefrontObj.m */; };
		233797F31885E1DF00399EBA /* NFRenderer.m in Sources */ = {isa = PBXBuildFile; fileRef = 233797F01885E1DF00399EBA /* NFRenderer.m */; };
		233797F41885E1DF00399EBA /* NFRUtils.m in Sources */ = {isa = PBXBuildFile; fileRef = 233797F21885E1DF00399EBA /* NFRUtils.m */; };
		233797FA1885E23600399EBA /* Debug.fsh in Resources */ = {isa = PBXBuildFile; fileRef = 233797F61885E23600399EBA /* Debug.fsh */; };
		233797FB1885E23600399EBA /* Debug.vsh in Resources */ = {isa = PBXBuildFile; fileRef = 233797F71885E23600399EBA /* Debug.vsh */; };
		233797FF1885E25F00399EBA /* OpenGL.framework in Frameworks */ = {isa = PBXBuildFile; fileRef = 233797FE1885E25F00399EBA /* OpenGL.framework */; };
		233798011885E26700399EBA /* GLKit.framework in Frameworks */ = {isa = PBXBuildFile; fileRef = 233798001885E26700399EBA /* GLKit.framework */; };
		233798031885E26F00399EBA /* QuartzCore.framework in Frameworks */ = {isa = PBXBuildFile; fileRef = 233798021885E26F00399EBA /* QuartzCore.framework */; };
		233FAEB41A9F7FA000AD025B /* NFAssetUtils.m in Sources */ = {isa = PBXBuildFile; fileRef = 233FAEB31A9F7FA000AD025B /* NFAssetUtils.m */; };
		234E2CC2188382CC00AF8F23 /* Cocoa.framework in Frameworks */ = {isa = PBXBuildFile; fileRef = 234E2CC1188382CC00AF8F23 /* Cocoa.framework */; };
		234E2CCC188382CC00AF8F23 /* InfoPlist.strings in Resources */ = {isa = PBXBuildFile; fileRef = 234E2CCA188382CC00AF8F23 /* InfoPlist.strings */; };
		234E2CCE188382CC00AF8F23 /* main.m in Sources */ = {isa = PBXBuildFile; fileRef = 234E2CCD188382CC00AF8F23 /* main.m */; };
		234E2CD2188382CC00AF8F23 /* Credits.rtf in Resources */ = {isa = PBXBuildFile; fileRef = 234E2CD0188382CC00AF8F23 /* Credits.rtf */; };
		234E2CD5188382CC00AF8F23 /* AppDelegate.m in Sources */ = {isa = PBXBuildFile; fileRef = 234E2CD4188382CC00AF8F23 /* AppDelegate.m */; };
		234E2CD8188382CC00AF8F23 /* MainMenu.xib in Resources */ = {isa = PBXBuildFile; fileRef = 234E2CD6188382CC00AF8F23 /* MainMenu.xib */; };
		234E2CDA188382CC00AF8F23 /* Images.xcassets in Resources */ = {isa = PBXBuildFile; fileRef = 234E2CD9188382CC00AF8F23 /* Images.xcassets */; };
		234E2CE1188382CC00AF8F23 /* XCTest.framework in Frameworks */ = {isa = PBXBuildFile; fileRef = 234E2CE0188382CC00AF8F23 /* XCTest.framework */; };
		234E2CE2188382CC00AF8F23 /* Cocoa.framework in Frameworks */ = {isa = PBXBuildFile; fileRef = 234E2CC1188382CC00AF8F23 /* Cocoa.framework */; };
		234E2CEA188382CC00AF8F23 /* InfoPlist.strings in Resources */ = {isa = PBXBuildFile; fileRef = 234E2CE8188382CC00AF8F23 /* InfoPlist.strings */; };
		234E2CEC188382CC00AF8F23 /* NSFrameworkTests.m in Sources */ = {isa = PBXBuildFile; fileRef = 234E2CEB188382CC00AF8F23 /* NSFrameworkTests.m */; };
		237761901B2758AE00855E48 /* NFRProgram.m in Sources */ = {isa = PBXBuildFile; fileRef = 2377618F1B2758AE00855E48 /* NFRProgram.m */; };
		238156211A16A1460018ECF3 /* NFSimulation.m in Sources */ = {isa = PBXBuildFile; fileRef = 238156201A16A1460018ECF3 /* NFSimulation.m */; };
		238156241A16A1A10018ECF3 /* NFCamera.m in Sources */ = {isa = PBXBuildFile; fileRef = 238156231A16A1A10018ECF3 /* NFCamera.m */; };
		2389D3B219A1909100DD6908 /* NFLightSource.m in Sources */ = {isa = PBXBuildFile; fileRef = 2389D3B119A1909100DD6908 /* NFLightSource.m */; };
		23A8095E1901BF340062445D /* NFAssetData+Procedural.m in Sources */ = {isa = PBXBuildFile; fileRef = 23A8095D1901BF340062445D /* NFAssetData+Procedural.m */; };
		23D86B2119192C4A00BCC83B /* NFSurfaceModel.m in Sources */ = {isa = PBXBuildFile; fileRef = 23D86B2019192C4A00BCC83B /* NFSurfaceModel.m */; };
		23E9873A18DCA71300F76B1A /* NFAssetData.m in Sources */ = {isa = PBXBuildFile; fileRef = 23E9873918DCA71300F76B1A /* NFAssetData.m */; };
		23E9874018DCAC7000F76B1A /* NFAssetData+Wavefront.m in Sources */ = {isa = PBXBuildFile; fileRef = 23E9873F18DCAC7000F76B1A /* NFAssetData+Wavefront.m */; };
		23EB03261ACCDA6200084CEF /* DefaultModel.fsh in Resources */ = {isa = PBXBuildFile; fileRef = 23EB03241ACCDA6200084CEF /* DefaultModel.fsh */; };
		23EB03271ACCDA6200084CEF /* DefaultModel.vsh in Resources */ = {isa = PBXBuildFile; fileRef = 23EB03251ACCDA6200084CEF /* DefaultModel.vsh */; };
/* End PBXBuildFile section */

/* Begin PBXContainerItemProxy section */
		234E2CE3188382CC00AF8F23 /* PBXContainerItemProxy */ = {
			isa = PBXContainerItemProxy;
			containerPortal = 234E2CB6188382CC00AF8F23 /* Project object */;
			proxyType = 1;
			remoteGlobalIDString = 234E2CBD188382CC00AF8F23;
			remoteInfo = NSGLFramework;
		};
/* End PBXContainerItemProxy section */

/* Begin PBXFileReference section */
		2306F4091886116E008031BD /* NFView.h */ = {isa = PBXFileReference; fileEncoding = 4; lastKnownFileType = sourcecode.c.h; path = NFView.h; sourceTree = "<group>"; };
		2306F40A1886116E008031BD /* NFView.m */ = {isa = PBXFileReference; fileEncoding = 4; lastKnownFileType = sourcecode.c.objc; path = NFView.m; sourceTree = "<group>"; };
		232BDD961A15A17500BB8A6C /* NFUtils.h */ = {isa = PBXFileReference; fileEncoding = 4; lastKnownFileType = sourcecode.c.h; name = NFUtils.h; path = NFUtils/NFUtils.h; sourceTree = "<group>"; };
		232BDD971A15A17500BB8A6C /* NFUtils.m */ = {isa = PBXFileReference; fileEncoding = 4; lastKnownFileType = sourcecode.c.objc; name = NFUtils.m; path = NFUtils/NFUtils.m; sourceTree = "<group>"; };
		233214D61901F9FD0006EFA3 /* NFAssetLoader.h */ = {isa = PBXFileReference; fileEncoding = 4; lastKnownFileType = sourcecode.c.h; name = NFAssetLoader.h; path = NFAssetPipeline/NFAssetLoader.h; sourceTree = "<group>"; };
		233214D71901F9FD0006EFA3 /* NFAssetLoader.m */ = {isa = PBXFileReference; fileEncoding = 4; lastKnownFileType = sourcecode.c.objc; name = NFAssetLoader.m; path = NFAssetPipeline/NFAssetLoader.m; sourceTree = "<group>"; };
		233797EB1885E1CA00399EBA /* NFWavefrontObj.h */ = {isa = PBXFileReference; fileEncoding = 4; lastKnownFileType = sourcecode.c.h; name = NFWavefrontObj.h; path = NFAssetPipeline/NFWavefrontObj.h; sourceTree = "<group>"; };
		233797EC1885E1CA00399EBA /* NFWavefrontObj.m */ = {isa = PBXFileReference; fileEncoding = 4; lastKnownFileType = sourcecode.c.objc; name = NFWavefrontObj.m; path = NFAssetPipeline/NFWavefrontObj.m; sourceTree = "<group>"; };
		233797EF1885E1DF00399EBA /* NFRenderer.h */ = {isa = PBXFileReference; fileEncoding = 4; lastKnownFileType = sourcecode.c.h; name = NFRenderer.h; path = NFRenderer/NFRenderer.h; sourceTree = "<group>"; };
		233797F01885E1DF00399EBA /* NFRenderer.m */ = {isa = PBXFileReference; fileEncoding = 4; lastKnownFileType = sourcecode.c.objc; name = NFRenderer.m; path = NFRenderer/NFRenderer.m; sourceTree = "<group>"; };
		233797F11885E1DF00399EBA /* NFRUtils.h */ = {isa = PBXFileReference; fileEncoding = 4; lastKnownFileType = sourcecode.c.h; name = NFRUtils.h; path = NFRenderer/NFRUtils.h; sourceTree = "<group>"; };
		233797F21885E1DF00399EBA /* NFRUtils.m */ = {isa = PBXFileReference; fileEncoding = 4; lastKnownFileType = sourcecode.c.objc; name = NFRUtils.m; path = NFRenderer/NFRUtils.m; sourceTree = "<group>"; };
		233797F61885E23600399EBA /* Debug.fsh */ = {isa = PBXFileReference; fileEncoding = 4; lastKnownFileType = sourcecode.glsl; name = Debug.fsh; path = ../shaders/Debug.fsh; sourceTree = "<group>"; };
		233797F71885E23600399EBA /* Debug.vsh */ = {isa = PBXFileReference; fileEncoding = 4; lastKnownFileType = sourcecode.glsl; name = Debug.vsh; path = ../shaders/Debug.vsh; sourceTree = "<group>"; };
		233797FE1885E25F00399EBA /* OpenGL.framework */ = {isa = PBXFileReference; lastKnownFileType = wrapper.framework; name = OpenGL.framework; path = System/Library/Frameworks/OpenGL.framework; sourceTree = SDKROOT; };
		233798001885E26700399EBA /* GLKit.framework */ = {isa = PBXFileReference; lastKnownFileType = wrapper.framework; name = GLKit.framework; path = System/Library/Frameworks/GLKit.framework; sourceTree = SDKROOT; };
		233798021885E26F00399EBA /* QuartzCore.framework */ = {isa = PBXFileReference; lastKnownFileType = wrapper.framework; name = QuartzCore.framework; path = System/Library/Frameworks/QuartzCore.framework; sourceTree = SDKROOT; };
		233FAEB21A9F7FA000AD025B /* NFAssetUtils.h */ = {isa = PBXFileReference; fileEncoding = 4; lastKnownFileType = sourcecode.c.h; name = NFAssetUtils.h; path = NFAssetPipeline/NFAssetUtils.h; sourceTree = "<group>"; };
		233FAEB31A9F7FA000AD025B /* NFAssetUtils.m */ = {isa = PBXFileReference; fileEncoding = 4; lastKnownFileType = sourcecode.c.objc; name = NFAssetUtils.m; path = NFAssetPipeline/NFAssetUtils.m; sourceTree = "<group>"; };
		234E2CBE188382CC00AF8F23 /* NSFramework.app */ = {isa = PBXFileReference; explicitFileType = wrapper.application; includeInIndex = 0; path = NSFramework.app; sourceTree = BUILT_PRODUCTS_DIR; };
		234E2CC1188382CC00AF8F23 /* Cocoa.framework */ = {isa = PBXFileReference; lastKnownFileType = wrapper.framework; name = Cocoa.framework; path = System/Library/Frameworks/Cocoa.framework; sourceTree = SDKROOT; };
		234E2CC9188382CC00AF8F23 /* NSFramework-Info.plist */ = {isa = PBXFileReference; lastKnownFileType = text.plist.xml; path = "NSFramework-Info.plist"; sourceTree = "<group>"; };
		234E2CCB188382CC00AF8F23 /* en */ = {isa = PBXFileReference; lastKnownFileType = text.plist.strings; name = en; path = en.lproj/InfoPlist.strings; sourceTree = "<group>"; };
		234E2CCD188382CC00AF8F23 /* main.m */ = {isa = PBXFileReference; lastKnownFileType = sourcecode.c.objc; path = main.m; sourceTree = "<group>"; };
		234E2CCF188382CC00AF8F23 /* NSFramework-Prefix.pch */ = {isa = PBXFileReference; lastKnownFileType = sourcecode.c.h; path = "NSFramework-Prefix.pch"; sourceTree = "<group>"; };
		234E2CD1188382CC00AF8F23 /* en */ = {isa = PBXFileReference; lastKnownFileType = text.rtf; name = en; path = en.lproj/Credits.rtf; sourceTree = "<group>"; };
		234E2CD3188382CC00AF8F23 /* AppDelegate.h */ = {isa = PBXFileReference; lastKnownFileType = sourcecode.c.h; path = AppDelegate.h; sourceTree = "<group>"; };
		234E2CD4188382CC00AF8F23 /* AppDelegate.m */ = {isa = PBXFileReference; lastKnownFileType = sourcecode.c.objc; path = AppDelegate.m; sourceTree = "<group>"; };
		234E2CD7188382CC00AF8F23 /* Base */ = {isa = PBXFileReference; lastKnownFileType = file.xib; name = Base; path = Base.lproj/MainMenu.xib; sourceTree = "<group>"; };
		234E2CD9188382CC00AF8F23 /* Images.xcassets */ = {isa = PBXFileReference; lastKnownFileType = folder.assetcatalog; path = Images.xcassets; sourceTree = "<group>"; };
		234E2CDF188382CC00AF8F23 /* NSFrameworkTests.xctest */ = {isa = PBXFileReference; explicitFileType = wrapper.cfbundle; includeInIndex = 0; path = NSFrameworkTests.xctest; sourceTree = BUILT_PRODUCTS_DIR; };
		234E2CE0188382CC00AF8F23 /* XCTest.framework */ = {isa = PBXFileReference; lastKnownFileType = wrapper.framework; name = XCTest.framework; path = Library/Frameworks/XCTest.framework; sourceTree = DEVELOPER_DIR; };
		234E2CE7188382CC00AF8F23 /* NSFrameworkTests-Info.plist */ = {isa = PBXFileReference; lastKnownFileType = text.plist.xml; path = "NSFrameworkTests-Info.plist"; sourceTree = "<group>"; };
		234E2CE9188382CC00AF8F23 /* en */ = {isa = PBXFileReference; lastKnownFileType = text.plist.strings; name = en; path = en.lproj/InfoPlist.strings; sourceTree = "<group>"; };
		234E2CEB188382CC00AF8F23 /* NSFrameworkTests.m */ = {isa = PBXFileReference; lastKnownFileType = sourcecode.c.objc; path = NSFrameworkTests.m; sourceTree = "<group>"; };
		235E326A1B27D5B3002AF5C7 /* NFCommonTypes.h */ = {isa = PBXFileReference; fileEncoding = 4; lastKnownFileType = sourcecode.c.h; name = NFCommonTypes.h; path = NFUtils/NFCommonTypes.h; sourceTree = "<group>"; };
		2377618E1B2758AE00855E48 /* NFRProgram.h */ = {isa = PBXFileReference; fileEncoding = 4; lastKnownFileType = sourcecode.c.h; name = NFRProgram.h; path = NFRenderer/NFRProgram.h; sourceTree = "<group>"; };
		2377618F1B2758AE00855E48 /* NFRProgram.m */ = {isa = PBXFileReference; fileEncoding = 4; lastKnownFileType = sourcecode.c.objc; name = NFRProgram.m; path = NFRenderer/NFRProgram.m; sourceTree = "<group>"; };
		2381561F1A16A1460018ECF3 /* NFSimulation.h */ = {isa = PBXFileReference; fileEncoding = 4; lastKnownFileType = sourcecode.c.h; name = NFSimulation.h; path = NFSimulation/NFSimulation.h; sourceTree = "<group>"; };
		238156201A16A1460018ECF3 /* NFSimulation.m */ = {isa = PBXFileReference; fileEncoding = 4; lastKnownFileType = sourcecode.c.objc; name = NFSimulation.m; path = NFSimulation/NFSimulation.m; sourceTree = "<group>"; };
		238156221A16A1A10018ECF3 /* NFCamera.h */ = {isa = PBXFileReference; fileEncoding = 4; lastKnownFileType = sourcecode.c.h; name = NFCamera.h; path = NFMechanics/NFCamera.h; sourceTree = "<group>"; };
		238156231A16A1A10018ECF3 /* NFCamera.m */ = {isa = PBXFileReference; fileEncoding = 4; lastKnownFileType = sourcecode.c.objc; name = NFCamera.m; path = NFMechanics/NFCamera.m; sourceTree = "<group>"; };
		2389D3B019A1909100DD6908 /* NFLightSource.h */ = {isa = PBXFileReference; fileEncoding = 4; lastKnownFileType = sourcecode.c.h; name = NFLightSource.h; path = NFRenderer/NFLightSource.h; sourceTree = "<group>"; };
		2389D3B119A1909100DD6908 /* NFLightSource.m */ = {isa = PBXFileReference; fileEncoding = 4; lastKnownFileType = sourcecode.c.objc; name = NFLightSource.m; path = NFRenderer/NFLightSource.m; sourceTree = "<group>"; };
		23A8095C1901BF340062445D /* NFAssetData+Procedural.h */ = {isa = PBXFileReference; fileEncoding = 4; lastKnownFileType = sourcecode.c.h; name = "NFAssetData+Procedural.h"; path = "NFAssetPipeline/NFAssetData+Procedural.h"; sourceTree = "<group>"; };
		23A8095D1901BF340062445D /* NFAssetData+Procedural.m */ = {isa = PBXFileReference; fileEncoding = 4; lastKnownFileType = sourcecode.c.objc; name = "NFAssetData+Procedural.m"; path = "NFAssetPipeline/NFAssetData+Procedural.m"; sourceTree = "<group>"; };
		23D86B1F19192C4A00BCC83B /* NFSurfaceModel.h */ = {isa = PBXFileReference; fileEncoding = 4; lastKnownFileType = sourcecode.c.h; name = NFSurfaceModel.h; path = NFRenderer/NFSurfaceModel.h; sourceTree = "<group>"; };
		23D86B2019192C4A00BCC83B /* NFSurfaceModel.m */ = {isa = PBXFileReference; fileEncoding = 4; lastKnownFileType = sourcecode.c.objc; name = NFSurfaceModel.m; path = NFRenderer/NFSurfaceModel.m; sourceTree = "<group>"; };
		23E9873818DCA71300F76B1A /* NFAssetData.h */ = {isa = PBXFileReference; fileEncoding = 4; lastKnownFileType = sourcecode.c.h; name = NFAssetData.h; path = NFRenderer/NFAssetData.h; sourceTree = "<group>"; };
		23E9873918DCA71300F76B1A /* NFAssetData.m */ = {isa = PBXFileReference; fileEncoding = 4; lastKnownFileType = sourcecode.c.objc; name = NFAssetData.m; path = NFRenderer/NFAssetData.m; sourceTree = "<group>"; };
		23E9873E18DCAC7000F76B1A /* NFAssetData+Wavefront.h */ = {isa = PBXFileReference; fileEncoding = 4; lastKnownFileType = sourcecode.c.h; name = "NFAssetData+Wavefront.h"; path = "NFAssetPipeline/NFAssetData+Wavefront.h"; sourceTree = "<group>"; };
		23E9873F18DCAC7000F76B1A /* NFAssetData+Wavefront.m */ = {isa = PBXFileReference; fileEncoding = 4; lastKnownFileType = sourcecode.c.objc; name = "NFAssetData+Wavefront.m"; path = "NFAssetPipeline/NFAssetData+Wavefront.m"; sourceTree = "<group>"; };
		23EB03241ACCDA6200084CEF /* DefaultModel.fsh */ = {isa = PBXFileReference; fileEncoding = 4; lastKnownFileType = sourcecode.glsl; name = DefaultModel.fsh; path = ../shaders/DefaultModel.fsh; sourceTree = "<group>"; };
		23EB03251ACCDA6200084CEF /* DefaultModel.vsh */ = {isa = PBXFileReference; fileEncoding = 4; lastKnownFileType = sourcecode.glsl; name = DefaultModel.vsh; path = ../shaders/DefaultModel.vsh; sourceTree = "<group>"; };
/* End PBXFileReference section */

/* Begin PBXFrameworksBuildPhase section */
		234E2CBB188382CC00AF8F23 /* Frameworks */ = {
			isa = PBXFrameworksBuildPhase;
			buildActionMask = 2147483647;
			files = (
				233798031885E26F00399EBA /* QuartzCore.framework in Frameworks */,
				233798011885E26700399EBA /* GLKit.framework in Frameworks */,
				233797FF1885E25F00399EBA /* OpenGL.framework in Frameworks */,
				234E2CC2188382CC00AF8F23 /* Cocoa.framework in Frameworks */,
			);
			runOnlyForDeploymentPostprocessing = 0;
		};
		234E2CDC188382CC00AF8F23 /* Frameworks */ = {
			isa = PBXFrameworksBuildPhase;
			buildActionMask = 2147483647;
			files = (
				234E2CE2188382CC00AF8F23 /* Cocoa.framework in Frameworks */,
				234E2CE1188382CC00AF8F23 /* XCTest.framework in Frameworks */,
			);
			runOnlyForDeploymentPostprocessing = 0;
		};
/* End PBXFrameworksBuildPhase section */

/* Begin PBXGroup section */
		233214D9190200100006EFA3 /* NFAssetDataCategories */ = {
			isa = PBXGroup;
			children = (
				23E9873E18DCAC7000F76B1A /* NFAssetData+Wavefront.h */,
				23E9873F18DCAC7000F76B1A /* NFAssetData+Wavefront.m */,
				23A8095C1901BF340062445D /* NFAssetData+Procedural.h */,
				23A8095D1901BF340062445D /* NFAssetData+Procedural.m */,
			);
			name = NFAssetDataCategories;
			sourceTree = "<group>";
		};
		233797E71885E05100399EBA /* NFAssetPipeline */ = {
			isa = PBXGroup;
			children = (
				233214D9190200100006EFA3 /* NFAssetDataCategories */,
				233797EB1885E1CA00399EBA /* NFWavefrontObj.h */,
				233797EC1885E1CA00399EBA /* NFWavefrontObj.m */,
				233214D61901F9FD0006EFA3 /* NFAssetLoader.h */,
				233214D71901F9FD0006EFA3 /* NFAssetLoader.m */,
				233FAEB21A9F7FA000AD025B /* NFAssetUtils.h */,
				233FAEB31A9F7FA000AD025B /* NFAssetUtils.m */,
			);
			name = NFAssetPipeline;
			sourceTree = "<group>";
		};
		233797E81885E06C00399EBA /* NFRenderer */ = {
			isa = PBXGroup;
			children = (
				23E9873818DCA71300F76B1A /* NFAssetData.h */,
				23E9873918DCA71300F76B1A /* NFAssetData.m */,
				233797EF1885E1DF00399EBA /* NFRenderer.h */,
				233797F01885E1DF00399EBA /* NFRenderer.m */,
				233797F11885E1DF00399EBA /* NFRUtils.h */,
				233797F21885E1DF00399EBA /* NFRUtils.m */,
				23D86B1F19192C4A00BCC83B /* NFSurfaceModel.h */,
				23D86B2019192C4A00BCC83B /* NFSurfaceModel.m */,
				2389D3B019A1909100DD6908 /* NFLightSource.h */,
				2389D3B119A1909100DD6908 /* NFLightSource.m */,
				2377618E1B2758AE00855E48 /* NFRProgram.h */,
				2377618F1B2758AE00855E48 /* NFRProgram.m */,
			);
			name = NFRenderer;
			sourceTree = "<group>";
		};
		233797F51885E21600399EBA /* Shaders */ = {
			isa = PBXGroup;
			children = (
				23EB03241ACCDA6200084CEF /* DefaultModel.fsh */,
				23EB03251ACCDA6200084CEF /* DefaultModel.vsh */,
				233797F61885E23600399EBA /* Debug.fsh */,
				233797F71885E23600399EBA /* Debug.vsh */,
			);
			name = Shaders;
			sourceTree = "<group>";
		};
		234E2CB5188382CC00AF8F23 = {
			isa = PBXGroup;
			children = (
				233797E71885E05100399EBA /* NFAssetPipeline */,
				2381561D1A16A1030018ECF3 /* NFMechanics */,
				233797E81885E06C00399EBA /* NFRenderer */,
				2381561E1A16A10E0018ECF3 /* NFSimulation */,
				234E2CC7188382CC00AF8F23 /* NSFramework */,
				23767231189067F700AE8A5C /* NFUtils */,
				233797F51885E21600399EBA /* Shaders */,
				236F33BB1887024700DA708F /* XCTests */,
				234E2CC0188382CC00AF8F23 /* Frameworks */,
				234E2CBF188382CC00AF8F23 /* Products */,
			);
			sourceTree = "<group>";
		};
		234E2CBF188382CC00AF8F23 /* Products */ = {
			isa = PBXGroup;
			children = (
				234E2CBE188382CC00AF8F23 /* NSFramework.app */,
				234E2CDF188382CC00AF8F23 /* NSFrameworkTests.xctest */,
			);
			name = Products;
			sourceTree = "<group>";
		};
		234E2CC0188382CC00AF8F23 /* Frameworks */ = {
			isa = PBXGroup;
			children = (
				233798021885E26F00399EBA /* QuartzCore.framework */,
				233798001885E26700399EBA /* GLKit.framework */,
				233797FE1885E25F00399EBA /* OpenGL.framework */,
				234E2CC1188382CC00AF8F23 /* Cocoa.framework */,
				234E2CE0188382CC00AF8F23 /* XCTest.framework */,
			);
			name = Frameworks;
			sourceTree = "<group>";
		};
		234E2CC7188382CC00AF8F23 /* NSFramework */ = {
			isa = PBXGroup;
			children = (
				2306F4091886116E008031BD /* NFView.h */,
				2306F40A1886116E008031BD /* NFView.m */,
				234E2CD3188382CC00AF8F23 /* AppDelegate.h */,
				234E2CD4188382CC00AF8F23 /* AppDelegate.m */,
				234E2CC8188382CC00AF8F23 /* Supporting Files */,
			);
			path = NSFramework;
			sourceTree = "<group>";
		};
		234E2CC8188382CC00AF8F23 /* Supporting Files */ = {
			isa = PBXGroup;
			children = (
				234E2CD9188382CC00AF8F23 /* Images.xcassets */,
				234E2CD6188382CC00AF8F23 /* MainMenu.xib */,
				234E2CC9188382CC00AF8F23 /* NSFramework-Info.plist */,
				234E2CCA188382CC00AF8F23 /* InfoPlist.strings */,
				234E2CCD188382CC00AF8F23 /* main.m */,
				234E2CCF188382CC00AF8F23 /* NSFramework-Prefix.pch */,
				234E2CD0188382CC00AF8F23 /* Credits.rtf */,
			);
			name = "Supporting Files";
			sourceTree = "<group>";
		};
		234E2CE5188382CC00AF8F23 /* NSFrameworkTests */ = {
			isa = PBXGroup;
			children = (
				234E2CEB188382CC00AF8F23 /* NSFrameworkTests.m */,
				234E2CE6188382CC00AF8F23 /* Supporting Files */,
			);
			path = NSFrameworkTests;
			sourceTree = "<group>";
		};
		234E2CE6188382CC00AF8F23 /* Supporting Files */ = {
			isa = PBXGroup;
			children = (
				234E2CE7188382CC00AF8F23 /* NSFrameworkTests-Info.plist */,
				234E2CE8188382CC00AF8F23 /* InfoPlist.strings */,
			);
			name = "Supporting Files";
			sourceTree = "<group>";
		};
		236F33BB1887024700DA708F /* XCTests */ = {
			isa = PBXGroup;
			children = (
				234E2CE5188382CC00AF8F23 /* NSFrameworkTests */,
			);
			name = XCTests;
			sourceTree = "<group>";
		};
		23767231189067F700AE8A5C /* NFUtils */ = {
			isa = PBXGroup;
			children = (
				235E326A1B27D5B3002AF5C7 /* NFCommonTypes.h */,
				232BDD961A15A17500BB8A6C /* NFUtils.h */,
				232BDD971A15A17500BB8A6C /* NFUtils.m */,
			);
			name = NFUtils;
			sourceTree = "<group>";
		};
		2381561D1A16A1030018ECF3 /* NFMechanics */ = {
			isa = PBXGroup;
			children = (
				238156221A16A1A10018ECF3 /* NFCamera.h */,
				238156231A16A1A10018ECF3 /* NFCamera.m */,
			);
			name = NFMechanics;
			sourceTree = "<group>";
		};
		2381561E1A16A10E0018ECF3 /* NFSimulation */ = {
			isa = PBXGroup;
			children = (
				2381561F1A16A1460018ECF3 /* NFSimulation.h */,
				238156201A16A1460018ECF3 /* NFSimulation.m */,
			);
			name = NFSimulation;
			sourceTree = "<group>";
		};
/* End PBXGroup section */

/* Begin PBXNativeTarget section */
		234E2CBD188382CC00AF8F23 /* NSFramework */ = {
			isa = PBXNativeTarget;
			buildConfigurationList = 234E2CEF188382CC00AF8F23 /* Build configuration list for PBXNativeTarget "NSFramework" */;
			buildPhases = (
				234E2CBA188382CC00AF8F23 /* Sources */,
				234E2CBB188382CC00AF8F23 /* Frameworks */,
				234E2CBC188382CC00AF8F23 /* Resources */,
			);
			buildRules = (
			);
			dependencies = (
			);
			name = NSFramework;
			productName = NSGLFramework;
			productReference = 234E2CBE188382CC00AF8F23 /* NSFramework.app */;
			productType = "com.apple.product-type.application";
		};
		234E2CDE188382CC00AF8F23 /* NSFrameworkTests */ = {
			isa = PBXNativeTarget;
			buildConfigurationList = 234E2CF2188382CC00AF8F23 /* Build configuration list for PBXNativeTarget "NSFrameworkTests" */;
			buildPhases = (
				234E2CDB188382CC00AF8F23 /* Sources */,
				234E2CDC188382CC00AF8F23 /* Frameworks */,
				234E2CDD188382CC00AF8F23 /* Resources */,
			);
			buildRules = (
			);
			dependencies = (
				234E2CE4188382CC00AF8F23 /* PBXTargetDependency */,
			);
			name = NSFrameworkTests;
			productName = NSGLFrameworkTests;
			productReference = 234E2CDF188382CC00AF8F23 /* NSFrameworkTests.xctest */;
			productType = "com.apple.product-type.bundle.unit-test";
		};
/* End PBXNativeTarget section */

/* Begin PBXProject section */
		234E2CB6188382CC00AF8F23 /* Project object */ = {
			isa = PBXProject;
			attributes = {
				LastUpgradeCheck = 0500;
				ORGANIZATIONNAME = "Casey Crouch";
				TargetAttributes = {
					234E2CDE188382CC00AF8F23 = {
						TestTargetID = 234E2CBD188382CC00AF8F23;
					};
				};
			};
			buildConfigurationList = 234E2CB9188382CC00AF8F23 /* Build configuration list for PBXProject "NSFramework" */;
			compatibilityVersion = "Xcode 3.2";
			developmentRegion = English;
			hasScannedForEncodings = 0;
			knownRegions = (
				en,
				Base,
			);
			mainGroup = 234E2CB5188382CC00AF8F23;
			productRefGroup = 234E2CBF188382CC00AF8F23 /* Products */;
			projectDirPath = "";
			projectRoot = "";
			targets = (
				234E2CBD188382CC00AF8F23 /* NSFramework */,
				234E2CDE188382CC00AF8F23 /* NSFrameworkTests */,
			);
		};
/* End PBXProject section */

/* Begin PBXResourcesBuildPhase section */
		234E2CBC188382CC00AF8F23 /* Resources */ = {
			isa = PBXResourcesBuildPhase;
			buildActionMask = 2147483647;
			files = (
				233797FB1885E23600399EBA /* Debug.vsh in Resources */,
				233797FA1885E23600399EBA /* Debug.fsh in Resources */,
				234E2CCC188382CC00AF8F23 /* InfoPlist.strings in Resources */,
				23EB03261ACCDA6200084CEF /* DefaultModel.fsh in Resources */,
				23EB03271ACCDA6200084CEF /* DefaultModel.vsh in Resources */,
				234E2CDA188382CC00AF8F23 /* Images.xcassets in Resources */,
				234E2CD2188382CC00AF8F23 /* Credits.rtf in Resources */,
				234E2CD8188382CC00AF8F23 /* MainMenu.xib in Resources */,
			);
			runOnlyForDeploymentPostprocessing = 0;
		};
		234E2CDD188382CC00AF8F23 /* Resources */ = {
			isa = PBXResourcesBuildPhase;
			buildActionMask = 2147483647;
			files = (
				234E2CEA188382CC00AF8F23 /* InfoPlist.strings in Resources */,
			);
			runOnlyForDeploymentPostprocessing = 0;
		};
/* End PBXResourcesBuildPhase section */

/* Begin PBXSourcesBuildPhase section */
		234E2CBA188382CC00AF8F23 /* Sources */ = {
			isa = PBXSourcesBuildPhase;
			buildActionMask = 2147483647;
			files = (
				233797F31885E1DF00399EBA /* NFRenderer.m in Sources */,
				232BDD981A15A17500BB8A6C /* NFUtils.m in Sources */,
				238156241A16A1A10018ECF3 /* NFCamera.m in Sources */,
				234E2CD5188382CC00AF8F23 /* AppDelegate.m in Sources */,
				234E2CCE188382CC00AF8F23 /* main.m in Sources */,
				233797EE1885E1CA00399EBA /* NFWavefrontObj.m in Sources */,
				238156211A16A1460018ECF3 /* NFSimulation.m in Sources */,
				237761901B2758AE00855E48 /* NFRProgram.m in Sources */,
				2389D3B219A1909100DD6908 /* NFLightSource.m in Sources */,
				233214D81901F9FD0006EFA3 /* NFAssetLoader.m in Sources */,
				23E9874018DCAC7000F76B1A /* NFAssetData+Wavefront.m in Sources */,
				2306F40B1886116E008031BD /* NFView.m in Sources */,
				23A8095E1901BF340062445D /* NFAssetData+Procedural.m in Sources */,
				23E9873A18DCA71300F76B1A /* NFAssetData.m in Sources */,
				233797F41885E1DF00399EBA /* NFRUtils.m in Sources */,
				233FAEB41A9F7FA000AD025B /* NFAssetUtils.m in Sources */,
				23D86B2119192C4A00BCC83B /* NFSurfaceModel.m in Sources */,
			);
			runOnlyForDeploymentPostprocessing = 0;
		};
		234E2CDB188382CC00AF8F23 /* Sources */ = {
			isa = PBXSourcesBuildPhase;
			buildActionMask = 2147483647;
			files = (
				234E2CEC188382CC00AF8F23 /* NSFrameworkTests.m in Sources */,
			);
			runOnlyForDeploymentPostprocessing = 0;
		};
/* End PBXSourcesBuildPhase section */

/* Begin PBXTargetDependency section */
		234E2CE4188382CC00AF8F23 /* PBXTargetDependency */ = {
			isa = PBXTargetDependency;
			target = 234E2CBD188382CC00AF8F23 /* NSFramework */;
			targetProxy = 234E2CE3188382CC00AF8F23 /* PBXContainerItemProxy */;
		};
/* End PBXTargetDependency section */

/* Begin PBXVariantGroup section */
		234E2CCA188382CC00AF8F23 /* InfoPlist.strings */ = {
			isa = PBXVariantGroup;
			children = (
				234E2CCB188382CC00AF8F23 /* en */,
			);
			name = InfoPlist.strings;
			sourceTree = "<group>";
		};
		234E2CD0188382CC00AF8F23 /* Credits.rtf */ = {
			isa = PBXVariantGroup;
			children = (
				234E2CD1188382CC00AF8F23 /* en */,
			);
			name = Credits.rtf;
			sourceTree = "<group>";
		};
		234E2CD6188382CC00AF8F23 /* MainMenu.xib */ = {
			isa = PBXVariantGroup;
			children = (
				234E2CD7188382CC00AF8F23 /* Base */,
			);
			name = MainMenu.xib;
			sourceTree = "<group>";
		};
		234E2CE8188382CC00AF8F23 /* InfoPlist.strings */ = {
			isa = PBXVariantGroup;
			children = (
				234E2CE9188382CC00AF8F23 /* en */,
			);
			name = InfoPlist.strings;
			sourceTree = "<group>";
		};
/* End PBXVariantGroup section */

/* Begin XCBuildConfiguration section */
		234E2CED188382CC00AF8F23 /* Debug */ = {
			isa = XCBuildConfiguration;
			buildSettings = {
				ALWAYS_SEARCH_USER_PATHS = NO;
				CLANG_CXX_LANGUAGE_STANDARD = "c++0x";
				CLANG_CXX_LIBRARY = "libc++";
				CLANG_ENABLE_OBJC_ARC = NO;
				CLANG_WARN_BOOL_CONVERSION = YES;
				CLANG_WARN_CONSTANT_CONVERSION = YES;
				CLANG_WARN_DIRECT_OBJC_ISA_USAGE = YES_ERROR;
				CLANG_WARN_EMPTY_BODY = YES;
				CLANG_WARN_ENUM_CONVERSION = YES;
				CLANG_WARN_INT_CONVERSION = YES;
				CLANG_WARN_OBJC_ROOT_CLASS = YES_ERROR;
				CLANG_WARN__DUPLICATE_METHOD_MATCH = YES;
				COPY_PHASE_STRIP = NO;
				GCC_C_LANGUAGE_STANDARD = c11;
				GCC_DYNAMIC_NO_PIC = NO;
				GCC_ENABLE_CPP_EXCEPTIONS = NO;
				GCC_ENABLE_CPP_RTTI = YES;
				GCC_ENABLE_OBJC_EXCEPTIONS = YES;
				GCC_OPTIMIZATION_LEVEL = 0;
				GCC_PREPROCESSOR_DEFINITIONS = (
					"DEBUG=1",
					"$(inherited)",
				);
				GCC_SYMBOLS_PRIVATE_EXTERN = NO;
				GCC_WARN_64_TO_32_BIT_CONVERSION = YES;
				GCC_WARN_ABOUT_RETURN_TYPE = YES_ERROR;
				GCC_WARN_UNDECLARED_SELECTOR = YES;
				GCC_WARN_UNINITIALIZED_AUTOS = YES;
				GCC_WARN_UNUSED_FUNCTION = YES;
				GCC_WARN_UNUSED_VARIABLE = YES;
				INSTALL_OWNER = cbcrouch;
				MACOSX_DEPLOYMENT_TARGET = 10.10;
				ONLY_ACTIVE_ARCH = YES;
				OTHER_CFLAGS = (
					"-U",
					__STRICT_ANSI__,
				);
				OTHER_CPLUSPLUSFLAGS = "";
				SDKROOT = macosx;
				STRINGS_FILE_OUTPUT_ENCODING = "UTF-16";
			};
			name = Debug;
		};
		234E2CEE188382CC00AF8F23 /* Release */ = {
			isa = XCBuildConfiguration;
			buildSettings = {
				ALWAYS_SEARCH_USER_PATHS = NO;
				CLANG_CXX_LANGUAGE_STANDARD = "c++0x";
				CLANG_CXX_LIBRARY = "libc++";
				CLANG_ENABLE_OBJC_ARC = NO;
				CLANG_WARN_BOOL_CONVERSION = YES;
				CLANG_WARN_CONSTANT_CONVERSION = YES;
				CLANG_WARN_DIRECT_OBJC_ISA_USAGE = YES_ERROR;
				CLANG_WARN_EMPTY_BODY = YES;
				CLANG_WARN_ENUM_CONVERSION = YES;
				CLANG_WARN_INT_CONVERSION = YES;
				CLANG_WARN_OBJC_ROOT_CLASS = YES_ERROR;
				CLANG_WARN__DUPLICATE_METHOD_MATCH = YES;
				COPY_PHASE_STRIP = YES;
				DEBUG_INFORMATION_FORMAT = "dwarf-with-dsym";
				ENABLE_NS_ASSERTIONS = NO;
				GCC_C_LANGUAGE_STANDARD = c11;
				GCC_ENABLE_CPP_EXCEPTIONS = NO;
				GCC_ENABLE_CPP_RTTI = NO;
				GCC_ENABLE_OBJC_EXCEPTIONS = YES;
				GCC_WARN_64_TO_32_BIT_CONVERSION = YES;
				GCC_WARN_ABOUT_RETURN_TYPE = YES_ERROR;
				GCC_WARN_UNDECLARED_SELECTOR = YES;
				GCC_WARN_UNINITIALIZED_AUTOS = YES;
				GCC_WARN_UNUSED_FUNCTION = YES;
				GCC_WARN_UNUSED_VARIABLE = YES;
				INSTALL_OWNER = cbcrouch;
				MACOSX_DEPLOYMENT_TARGET = 10.10;
				OTHER_CFLAGS = (
					"-U",
					__STRICT_ANSI__,
				);
				OTHER_CPLUSPLUSFLAGS = "";
				SDKROOT = macosx;
				STRINGS_FILE_OUTPUT_ENCODING = "UTF-16";
			};
			name = Release;
		};
		234E2CF0188382CC00AF8F23 /* Debug */ = {
			isa = XCBuildConfiguration;
			buildSettings = {
				ASSETCATALOG_COMPILER_APPICON_NAME = AppIcon;
				CLANG_ENABLE_OBJC_ARC = NO;
				COMBINE_HIDPI_IMAGES = YES;
				GCC_C_LANGUAGE_STANDARD = c11;
				GCC_PRECOMPILE_PREFIX_HEADER = YES;
				GCC_PREFIX_HEADER = "NSFramework/NSFramework-Prefix.pch";
				INFOPLIST_FILE = "NSFramework/NSFramework-Info.plist";
				MACOSX_DEPLOYMENT_TARGET = 10.10;
				PRODUCT_NAME = NSFramework;
				WRAPPER_EXTENSION = app;
			};
			name = Debug;
		};
		234E2CF1188382CC00AF8F23 /* Release */ = {
			isa = XCBuildConfiguration;
			buildSettings = {
				ASSETCATALOG_COMPILER_APPICON_NAME = AppIcon;
				CLANG_ENABLE_OBJC_ARC = NO;
				COMBINE_HIDPI_IMAGES = YES;
				GCC_C_LANGUAGE_STANDARD = c11;
				GCC_PRECOMPILE_PREFIX_HEADER = YES;
				GCC_PREFIX_HEADER = "NSFramework/NSFramework-Prefix.pch";
				INFOPLIST_FILE = "NSFramework/NSFramework-Info.plist";
				MACOSX_DEPLOYMENT_TARGET = 10.10;
				PRODUCT_NAME = NSFramework;
				WRAPPER_EXTENSION = app;
			};
			name = Release;
		};
		234E2CF3188382CC00AF8F23 /* Debug */ = {
			isa = XCBuildConfiguration;
			buildSettings = {
				BUNDLE_LOADER = "$(BUILT_PRODUCTS_DIR)/NSFramework.app/Contents/MacOS/NSFramework";
				COMBINE_HIDPI_IMAGES = YES;
				FRAMEWORK_SEARCH_PATHS = (
					"$(DEVELOPER_FRAMEWORKS_DIR)",
					"$(inherited)",
				);
				GCC_PRECOMPILE_PREFIX_HEADER = YES;
				GCC_PREFIX_HEADER = "NSFramework/NSFramework-Prefix.pch";
				GCC_PREPROCESSOR_DEFINITIONS = (
					"DEBUG=1",
					"$(inherited)",
				);
				INFOPLIST_FILE = "NSFrameworkTests/NSFrameworkTests-Info.plist";
				PRODUCT_NAME = NSFrameworkTests;
				TEST_HOST = "$(BUNDLE_LOADER)";
				WRAPPER_EXTENSION = xctest;
			};
			name = Debug;
		};
		234E2CF4188382CC00AF8F23 /* Release */ = {
			isa = XCBuildConfiguration;
			buildSettings = {
				BUNDLE_LOADER = "$(BUILT_PRODUCTS_DIR)/NSFramework.app/Contents/MacOS/NSFramework";
				COMBINE_HIDPI_IMAGES = YES;
				FRAMEWORK_SEARCH_PATHS = (
					"$(DEVELOPER_FRAMEWORKS_DIR)",
					"$(inherited)",
				);
				GCC_PRECOMPILE_PREFIX_HEADER = YES;
				GCC_PREFIX_HEADER = "NSFramework/NSFramework-Prefix.pch";
				INFOPLIST_FILE = "NSFrameworkTests/NSFrameworkTests-Info.plist";
				PRODUCT_NAME = NSFrameworkTests;
				TEST_HOST = "$(BUNDLE_LOADER)";
				WRAPPER_EXTENSION = xctest;
			};
			name = Release;
		};
/* End XCBuildConfiguration section */

/* Begin XCConfigurationList section */
		234E2CB9188382CC00AF8F23 /* Build configuration list for PBXProject "NSFramework" */ = {
			isa = XCConfigurationList;
			buildConfigurations = (
				234E2CED188382CC00AF8F23 /* Debug */,
				234E2CEE188382CC00AF8F23 /* Release */,
			);
			defaultConfigurationIsVisible = 0;
			defaultConfigurationName = Release;
		};
		234E2CEF188382CC00AF8F23 /* Build configuration list for PBXNativeTarget "NSFramework" */ = {
			isa = XCConfigurationList;
			buildConfigurations = (
				234E2CF0188382CC00AF8F23 /* Debug */,
				234E2CF1188382CC00AF8F23 /* Release */,
			);
			defaultConfigurationIsVisible = 0;
			defaultConfigurationName = Release;
		};
		234E2CF2188382CC00AF8F23 /* Build configuration list for PBXNativeTarget "NSFrameworkTests" */ = {
			isa = XCConfigurationList;
			buildConfigurations = (
				234E2CF3188382CC00AF8F23 /* Debug */,
				234E2CF4188382CC00AF8F23 /* Release */,
			);
			defaultConfigurationIsVisible = 0;
			defaultConfigurationName = Release;
		};
/* End XCConfigurationList section */
	};
	rootObject = 234E2CB6188382CC00AF8F23 /* Project object */;
}
