// !$*UTF8*$!
{
	archiveVersion = 1;
	classes = {
	};
	objectVersion = 47;
	objects = {

/* Begin PBXBuildFile section */
		2306F40B1886116E008031BD /* NFView.m in Sources */ = {isa = PBXBuildFile; fileRef = 2306F40A1886116E008031BD /* NFView.m */; };
		232BDD981A15A17500BB8A6C /* NFUtils.m in Sources */ = {isa = PBXBuildFile; fileRef = 232BDD971A15A17500BB8A6C /* NFUtils.m */; };
		233214D81901F9FD0006EFA3 /* NFAssetLoader.m in Sources */ = {isa = PBXBuildFile; fileRef = 233214D71901F9FD0006EFA3 /* NFAssetLoader.m */; };
		233797EE1885E1CA00399EBA /* NFWavefrontObj.m in Sources */ = {isa = PBXBuildFile; fileRef = 233797EC1885E1CA00399EBA /* NFWavefrontObj.m */; };
		233797F31885E1DF00399EBA /* NFRenderer.m in Sources */ = {isa = PBXBuildFile; fileRef = 233797F01885E1DF00399EBA /* NFRenderer.m */; };
		233797F41885E1DF00399EBA /* NFRUtils.m in Sources */ = {isa = PBXBuildFile; fileRef = 233797F21885E1DF00399EBA /* NFRUtils.m */; };
		233797FA1885E23600399EBA /* Debug.fsh in Resources */ = {isa = PBXBuildFile; fileRef = 233797F61885E23600399EBA /* Debug.fsh */; };
		233797FB1885E23600399EBA /* Debug.vsh in Resources */ = {isa = PBXBuildFile; fileRef = 233797F71885E23600399EBA /* Debug.vsh */; };
		233797FF1885E25F00399EBA /* OpenGL.framework in Frameworks */ = {isa = PBXBuildFile; fileRef = 233797FE1885E25F00399EBA /* OpenGL.framework */; };
		233798011885E26700399EBA /* GLKit.framework in Frameworks */ = {isa = PBXBuildFile; fileRef = 233798001885E26700399EBA /* GLKit.framework */; };
		233798031885E26F00399EBA /* QuartzCore.framework in Frameworks */ = {isa = PBXBuildFile; fileRef = 233798021885E26F00399EBA /* QuartzCore.framework */; };
		233FAEB41A9F7FA000AD025B /* NFAssetUtils.m in Sources */ = {isa = PBXBuildFile; fileRef = 233FAEB31A9F7FA000AD025B /* NFAssetUtils.m */; };
		234E2CC2188382CC00AF8F23 /* Cocoa.framework in Frameworks */ = {isa = PBXBuildFile; fileRef = 234E2CC1188382CC00AF8F23 /* Cocoa.framework */; };
		234E2CCC188382CC00AF8F23 /* InfoPlist.strings in Resources */ = {isa = PBXBuildFile; fileRef = 234E2CCA188382CC00AF8F23 /* InfoPlist.strings */; };
		234E2CCE188382CC00AF8F23 /* main.m in Sources */ = {isa = PBXBuildFile; fileRef = 234E2CCD188382CC00AF8F23 /* main.m */; };
		234E2CD2188382CC00AF8F23 /* Credits.rtf in Resources */ = {isa = PBXBuildFile; fileRef = 234E2CD0188382CC00AF8F23 /* Credits.rtf */; };
		234E2CD5188382CC00AF8F23 /* AppDelegate.m in Sources */ = {isa = PBXBuildFile; fileRef = 234E2CD4188382CC00AF8F23 /* AppDelegate.m */; };
		234E2CD8188382CC00AF8F23 /* MainMenu.xib in Resources */ = {isa = PBXBuildFile; fileRef = 234E2CD6188382CC00AF8F23 /* MainMenu.xib */; };
		234E2CDA188382CC00AF8F23 /* Images.xcassets in Resources */ = {isa = PBXBuildFile; fileRef = 234E2CD9188382CC00AF8F23 /* Images.xcassets */; };
		234E853F1B2BAD82009B34BF /* NFAssetData.m in Sources */ = {isa = PBXBuildFile; fileRef = 234E853E1B2BAD82009B34BF /* NFAssetData.m */; };
		234E85421B2BAE20009B34BF /* NFLightSource.m in Sources */ = {isa = PBXBuildFile; fileRef = 234E85411B2BAE20009B34BF /* NFLightSource.m */; };
		234E85451B2BAF91009B34BF /* NFAssetSubset.m in Sources */ = {isa = PBXBuildFile; fileRef = 234E85441B2BAF91009B34BF /* NFAssetSubset.m */; };
		23530A191C02621F00F6B252 /* NFRDisplayProgram.m in Sources */ = {isa = PBXBuildFile; fileRef = 23530A181C02621F00F6B252 /* NFRDisplayProgram.m */; };
		235F39661B2D968600B3CBA5 /* NFSurfaceModel.m in Sources */ = {isa = PBXBuildFile; fileRef = 235F39651B2D968600B3CBA5 /* NFSurfaceModel.m */; };
		235F39691B2D969E00B3CBA5 /* NFRDataMap.m in Sources */ = {isa = PBXBuildFile; fileRef = 235F39681B2D969E00B3CBA5 /* NFRDataMap.m */; };
		2374621C1C00F64B006EC923 /* Display.fsh in Resources */ = {isa = PBXBuildFile; fileRef = 2374621A1C00F64B006EC923 /* Display.fsh */; };
		2374621D1C00F64B006EC923 /* Display.vsh in Resources */ = {isa = PBXBuildFile; fileRef = 2374621B1C00F64B006EC923 /* Display.vsh */; };
		237513131D4E50FA00E48EB2 /* CubeMap.fsh in Resources */ = {isa = PBXBuildFile; fileRef = 237513111D4E50FA00E48EB2 /* CubeMap.fsh */; };
		237513141D4E50FA00E48EB2 /* CubeMap.vsh in Resources */ = {isa = PBXBuildFile; fileRef = 237513121D4E50FA00E48EB2 /* CubeMap.vsh */; };
		237513171D4E6B1D00E48EB2 /* NFRCubeMapProgram.m in Sources */ = {isa = PBXBuildFile; fileRef = 237513161D4E6B1D00E48EB2 /* NFRCubeMapProgram.m */; };
		237F8A711C45971000036EA7 /* DirectionalDepthMap.fsh in Resources */ = {isa = PBXBuildFile; fileRef = 237F8A6F1C45970F00036EA7 /* DirectionalDepthMap.fsh */; };
		237F8A721C45971000036EA7 /* DirectionalDepthMap.vsh in Resources */ = {isa = PBXBuildFile; fileRef = 237F8A701C45971000036EA7 /* DirectionalDepthMap.vsh */; };
		237F8A751C459A4C00036EA7 /* NFRDirectionalDepthProgram.m in Sources */ = {isa = PBXBuildFile; fileRef = 237F8A741C459A4C00036EA7 /* NFRDirectionalDepthProgram.m */; };
		238156211A16A1460018ECF3 /* NFSimulation.m in Sources */ = {isa = PBXBuildFile; fileRef = 238156201A16A1460018ECF3 /* NFSimulation.m */; };
		238156241A16A1A10018ECF3 /* NFCamera.m in Sources */ = {isa = PBXBuildFile; fileRef = 238156231A16A1A10018ECF3 /* NFCamera.m */; };
		23875B261C050B12008065B8 /* NFRDisplayTarget.m in Sources */ = {isa = PBXBuildFile; fileRef = 23875B251C050B12008065B8 /* NFRDisplayTarget.m */; };
		23875B291C050BD8008065B8 /* NFRRenderRequest.m in Sources */ = {isa = PBXBuildFile; fileRef = 23875B281C050BD8008065B8 /* NFRRenderRequest.m */; };
		23875B2C1C050CD6008065B8 /* NFRRenderTarget.m in Sources */ = {isa = PBXBuildFile; fileRef = 23875B2B1C050CD6008065B8 /* NFRRenderTarget.m */; };
		23A8095E1901BF340062445D /* NFAssetData+Procedural.m in Sources */ = {isa = PBXBuildFile; fileRef = 23A8095D1901BF340062445D /* NFAssetData+Procedural.m */; };
		23C2D8AC1B3C988A00A7CA49 /* NFRDefaultProgram.m in Sources */ = {isa = PBXBuildFile; fileRef = 23C2D8AB1B3C988A00A7CA49 /* NFRDefaultProgram.m */; };
		23C2D8AF1B3C98A500A7CA49 /* NFRDebugProgram.m in Sources */ = {isa = PBXBuildFile; fileRef = 23C2D8AE1B3C98A500A7CA49 /* NFRDebugProgram.m */; };
		23C2D8B21B3C995500A7CA49 /* NFRResources.m in Sources */ = {isa = PBXBuildFile; fileRef = 23C2D8B11B3C995500A7CA49 /* NFRResources.m */; };
		23DF9DA11CECD1D0004F1153 /* PointDepthMap.fsh in Resources */ = {isa = PBXBuildFile; fileRef = 23DF9D9E1CECD1D0004F1153 /* PointDepthMap.fsh */; };
		23DF9DA21CECD1D0004F1153 /* PointDepthMap.gsh in Resources */ = {isa = PBXBuildFile; fileRef = 23DF9D9F1CECD1D0004F1153 /* PointDepthMap.gsh */; };
		23DF9DA31CECD1D0004F1153 /* PointDepthMap.vsh in Resources */ = {isa = PBXBuildFile; fileRef = 23DF9DA01CECD1D0004F1153 /* PointDepthMap.vsh */; };
		23DF9DA61CECDD09004F1153 /* NFRPointDepthProgram.m in Sources */ = {isa = PBXBuildFile; fileRef = 23DF9DA51CECDD09004F1153 /* NFRPointDepthProgram.m */; };
		23E9874018DCAC7000F76B1A /* NFAssetData+Wavefront.m in Sources */ = {isa = PBXBuildFile; fileRef = 23E9873F18DCAC7000F76B1A /* NFAssetData+Wavefront.m */; };
		23EB03261ACCDA6200084CEF /* DefaultModel.fsh in Resources */ = {isa = PBXBuildFile; fileRef = 23EB03241ACCDA6200084CEF /* DefaultModel.fsh */; };
		23EB03271ACCDA6200084CEF /* DefaultModel.vsh in Resources */ = {isa = PBXBuildFile; fileRef = 23EB03251ACCDA6200084CEF /* DefaultModel.vsh */; };
/* End PBXBuildFile section */

/* Begin PBXFileReference section */
		2306F4091886116E008031BD /* NFView.h */ = {isa = PBXFileReference; fileEncoding = 4; lastKnownFileType = sourcecode.c.h; path = NFView.h; sourceTree = "<group>"; };
		2306F40A1886116E008031BD /* NFView.m */ = {isa = PBXFileReference; fileEncoding = 4; lastKnownFileType = sourcecode.c.objc; path = NFView.m; sourceTree = "<group>"; };
		232BDD961A15A17500BB8A6C /* NFUtils.h */ = {isa = PBXFileReference; fileEncoding = 4; lastKnownFileType = sourcecode.c.h; name = NFUtils.h; path = NFUtils/NFUtils.h; sourceTree = "<group>"; };
		232BDD971A15A17500BB8A6C /* NFUtils.m */ = {isa = PBXFileReference; fileEncoding = 4; lastKnownFileType = sourcecode.c.objc; name = NFUtils.m; path = NFUtils/NFUtils.m; sourceTree = "<group>"; };
		233214D61901F9FD0006EFA3 /* NFAssetLoader.h */ = {isa = PBXFileReference; fileEncoding = 4; lastKnownFileType = sourcecode.c.h; name = NFAssetLoader.h; path = NFAssetPipeline/NFAssetLoader.h; sourceTree = "<group>"; };
		233214D71901F9FD0006EFA3 /* NFAssetLoader.m */ = {isa = PBXFileReference; fileEncoding = 4; lastKnownFileType = sourcecode.c.objc; name = NFAssetLoader.m; path = NFAssetPipeline/NFAssetLoader.m; sourceTree = "<group>"; };
		233797EB1885E1CA00399EBA /* NFWavefrontObj.h */ = {isa = PBXFileReference; fileEncoding = 4; lastKnownFileType = sourcecode.c.h; name = NFWavefrontObj.h; path = NFAssetPipeline/NFWavefrontObj.h; sourceTree = "<group>"; };
		233797EC1885E1CA00399EBA /* NFWavefrontObj.m */ = {isa = PBXFileReference; fileEncoding = 4; lastKnownFileType = sourcecode.c.objc; name = NFWavefrontObj.m; path = NFAssetPipeline/NFWavefrontObj.m; sourceTree = "<group>"; };
		233797EF1885E1DF00399EBA /* NFRenderer.h */ = {isa = PBXFileReference; fileEncoding = 4; lastKnownFileType = sourcecode.c.h; name = NFRenderer.h; path = NFRenderer/NFRenderer.h; sourceTree = "<group>"; };
		233797F01885E1DF00399EBA /* NFRenderer.m */ = {isa = PBXFileReference; fileEncoding = 4; lastKnownFileType = sourcecode.c.objc; name = NFRenderer.m; path = NFRenderer/NFRenderer.m; sourceTree = "<group>"; };
		233797F11885E1DF00399EBA /* NFRUtils.h */ = {isa = PBXFileReference; fileEncoding = 4; lastKnownFileType = sourcecode.c.h; name = NFRUtils.h; path = NFRenderer/NFRUtils.h; sourceTree = "<group>"; };
		233797F21885E1DF00399EBA /* NFRUtils.m */ = {isa = PBXFileReference; fileEncoding = 4; lastKnownFileType = sourcecode.c.objc; name = NFRUtils.m; path = NFRenderer/NFRUtils.m; sourceTree = "<group>"; };
		233797F61885E23600399EBA /* Debug.fsh */ = {isa = PBXFileReference; fileEncoding = 4; lastKnownFileType = sourcecode.glsl; name = Debug.fsh; path = ../shaders/Debug.fsh; sourceTree = "<group>"; };
		233797F71885E23600399EBA /* Debug.vsh */ = {isa = PBXFileReference; fileEncoding = 4; lastKnownFileType = sourcecode.glsl; name = Debug.vsh; path = ../shaders/Debug.vsh; sourceTree = "<group>"; };
		233797FE1885E25F00399EBA /* OpenGL.framework */ = {isa = PBXFileReference; lastKnownFileType = wrapper.framework; name = OpenGL.framework; path = System/Library/Frameworks/OpenGL.framework; sourceTree = SDKROOT; };
		233798001885E26700399EBA /* GLKit.framework */ = {isa = PBXFileReference; lastKnownFileType = wrapper.framework; name = GLKit.framework; path = System/Library/Frameworks/GLKit.framework; sourceTree = SDKROOT; };
		233798021885E26F00399EBA /* QuartzCore.framework */ = {isa = PBXFileReference; lastKnownFileType = wrapper.framework; name = QuartzCore.framework; path = System/Library/Frameworks/QuartzCore.framework; sourceTree = SDKROOT; };
		233FAEB21A9F7FA000AD025B /* NFAssetUtils.h */ = {isa = PBXFileReference; fileEncoding = 4; lastKnownFileType = sourcecode.c.h; name = NFAssetUtils.h; path = NFAssetPipeline/NFAssetUtils.h; sourceTree = "<group>"; };
		233FAEB31A9F7FA000AD025B /* NFAssetUtils.m */ = {isa = PBXFileReference; fileEncoding = 4; lastKnownFileType = sourcecode.c.objc; name = NFAssetUtils.m; path = NFAssetPipeline/NFAssetUtils.m; sourceTree = "<group>"; };
		234E2CBE188382CC00AF8F23 /* NSFramework.app */ = {isa = PBXFileReference; explicitFileType = wrapper.application; includeInIndex = 0; path = NSFramework.app; sourceTree = BUILT_PRODUCTS_DIR; };
		234E2CC1188382CC00AF8F23 /* Cocoa.framework */ = {isa = PBXFileReference; lastKnownFileType = wrapper.framework; name = Cocoa.framework; path = System/Library/Frameworks/Cocoa.framework; sourceTree = SDKROOT; };
		234E2CC9188382CC00AF8F23 /* NSFramework-Info.plist */ = {isa = PBXFileReference; lastKnownFileType = text.plist.xml; path = "NSFramework-Info.plist"; sourceTree = "<group>"; };
		234E2CCB188382CC00AF8F23 /* en */ = {isa = PBXFileReference; lastKnownFileType = text.plist.strings; name = en; path = en.lproj/InfoPlist.strings; sourceTree = "<group>"; };
		234E2CCD188382CC00AF8F23 /* main.m */ = {isa = PBXFileReference; lastKnownFileType = sourcecode.c.objc; path = main.m; sourceTree = "<group>"; };
		234E2CCF188382CC00AF8F23 /* NSFramework-Prefix.pch */ = {isa = PBXFileReference; lastKnownFileType = sourcecode.c.h; path = "NSFramework-Prefix.pch"; sourceTree = "<group>"; };
		234E2CD1188382CC00AF8F23 /* en */ = {isa = PBXFileReference; lastKnownFileType = text.rtf; name = en; path = en.lproj/Credits.rtf; sourceTree = "<group>"; };
		234E2CD3188382CC00AF8F23 /* AppDelegate.h */ = {isa = PBXFileReference; lastKnownFileType = sourcecode.c.h; path = AppDelegate.h; sourceTree = "<group>"; };
		234E2CD4188382CC00AF8F23 /* AppDelegate.m */ = {isa = PBXFileReference; lastKnownFileType = sourcecode.c.objc; path = AppDelegate.m; sourceTree = "<group>"; };
		234E2CD7188382CC00AF8F23 /* Base */ = {isa = PBXFileReference; lastKnownFileType = file.xib; name = Base; path = Base.lproj/MainMenu.xib; sourceTree = "<group>"; };
		234E2CD9188382CC00AF8F23 /* Images.xcassets */ = {isa = PBXFileReference; lastKnownFileType = folder.assetcatalog; path = Images.xcassets; sourceTree = "<group>"; };
		234E853D1B2BAD82009B34BF /* NFAssetData.h */ = {isa = PBXFileReference; fileEncoding = 4; lastKnownFileType = sourcecode.c.h; name = NFAssetData.h; path = NFAssetData/NFAssetData.h; sourceTree = "<group>"; };
		234E853E1B2BAD82009B34BF /* NFAssetData.m */ = {isa = PBXFileReference; fileEncoding = 4; lastKnownFileType = sourcecode.c.objc; name = NFAssetData.m; path = NFAssetData/NFAssetData.m; sourceTree = "<group>"; };
		234E85401B2BAE20009B34BF /* NFLightSource.h */ = {isa = PBXFileReference; fileEncoding = 4; lastKnownFileType = sourcecode.c.h; name = NFLightSource.h; path = NFAssetData/NFLightSource.h; sourceTree = "<group>"; };
		234E85411B2BAE20009B34BF /* NFLightSource.m */ = {isa = PBXFileReference; fileEncoding = 4; lastKnownFileType = sourcecode.c.objc; name = NFLightSource.m; path = NFAssetData/NFLightSource.m; sourceTree = "<group>"; };
		234E85431B2BAF91009B34BF /* NFAssetSubset.h */ = {isa = PBXFileReference; fileEncoding = 4; lastKnownFileType = sourcecode.c.h; name = NFAssetSubset.h; path = NFAssetData/NFAssetSubset.h; sourceTree = "<group>"; };
		234E85441B2BAF91009B34BF /* NFAssetSubset.m */ = {isa = PBXFileReference; fileEncoding = 4; lastKnownFileType = sourcecode.c.objc; name = NFAssetSubset.m; path = NFAssetData/NFAssetSubset.m; sourceTree = "<group>"; };
		23530A171C02621F00F6B252 /* NFRDisplayProgram.h */ = {isa = PBXFileReference; fileEncoding = 4; lastKnownFileType = sourcecode.c.h; name = NFRDisplayProgram.h; path = NFRenderer/NFRDisplayProgram.h; sourceTree = "<group>"; };
		23530A181C02621F00F6B252 /* NFRDisplayProgram.m */ = {isa = PBXFileReference; fileEncoding = 4; lastKnownFileType = sourcecode.c.objc; name = NFRDisplayProgram.m; path = NFRenderer/NFRDisplayProgram.m; sourceTree = "<group>"; };
		235E326A1B27D5B3002AF5C7 /* NFCommonTypes.h */ = {isa = PBXFileReference; fileEncoding = 4; lastKnownFileType = sourcecode.c.h; name = NFCommonTypes.h; path = NFUtils/NFCommonTypes.h; sourceTree = "<group>"; };
		235F39641B2D968600B3CBA5 /* NFSurfaceModel.h */ = {isa = PBXFileReference; fileEncoding = 4; lastKnownFileType = sourcecode.c.h; name = NFSurfaceModel.h; path = NFAssetData/NFSurfaceModel.h; sourceTree = "<group>"; };
		235F39651B2D968600B3CBA5 /* NFSurfaceModel.m */ = {isa = PBXFileReference; fileEncoding = 4; lastKnownFileType = sourcecode.c.objc; name = NFSurfaceModel.m; path = NFAssetData/NFSurfaceModel.m; sourceTree = "<group>"; };
		235F39671B2D969E00B3CBA5 /* NFRDataMap.h */ = {isa = PBXFileReference; fileEncoding = 4; lastKnownFileType = sourcecode.c.h; name = NFRDataMap.h; path = NFRenderer/NFRDataMap.h; sourceTree = "<group>"; };
		235F39681B2D969E00B3CBA5 /* NFRDataMap.m */ = {isa = PBXFileReference; fileEncoding = 4; lastKnownFileType = sourcecode.c.objc; name = NFRDataMap.m; path = NFRenderer/NFRDataMap.m; sourceTree = "<group>"; };
		2374621A1C00F64B006EC923 /* Display.fsh */ = {isa = PBXFileReference; fileEncoding = 4; lastKnownFileType = sourcecode.glsl; name = Display.fsh; path = ../shaders/Display.fsh; sourceTree = "<group>"; };
		2374621B1C00F64B006EC923 /* Display.vsh */ = {isa = PBXFileReference; fileEncoding = 4; lastKnownFileType = sourcecode.glsl; name = Display.vsh; path = ../shaders/Display.vsh; sourceTree = "<group>"; };
		237513111D4E50FA00E48EB2 /* CubeMap.fsh */ = {isa = PBXFileReference; fileEncoding = 4; lastKnownFileType = sourcecode.glsl; name = CubeMap.fsh; path = ../shaders/CubeMap.fsh; sourceTree = "<group>"; };
		237513121D4E50FA00E48EB2 /* CubeMap.vsh */ = {isa = PBXFileReference; fileEncoding = 4; lastKnownFileType = sourcecode.glsl; name = CubeMap.vsh; path = ../shaders/CubeMap.vsh; sourceTree = "<group>"; };
		237513151D4E6B1D00E48EB2 /* NFRCubeMapProgram.h */ = {isa = PBXFileReference; fileEncoding = 4; lastKnownFileType = sourcecode.c.h; name = NFRCubeMapProgram.h; path = NFRenderer/NFRCubeMapProgram.h; sourceTree = "<group>"; };
		237513161D4E6B1D00E48EB2 /* NFRCubeMapProgram.m */ = {isa = PBXFileReference; fileEncoding = 4; lastKnownFileType = sourcecode.c.objc; name = NFRCubeMapProgram.m; path = NFRenderer/NFRCubeMapProgram.m; sourceTree = "<group>"; };
		237F8A6F1C45970F00036EA7 /* DirectionalDepthMap.fsh */ = {isa = PBXFileReference; fileEncoding = 4; lastKnownFileType = sourcecode.glsl; name = DirectionalDepthMap.fsh; path = ../shaders/DirectionalDepthMap.fsh; sourceTree = "<group>"; };
		237F8A701C45971000036EA7 /* DirectionalDepthMap.vsh */ = {isa = PBXFileReference; fileEncoding = 4; lastKnownFileType = sourcecode.glsl; name = DirectionalDepthMap.vsh; path = ../shaders/DirectionalDepthMap.vsh; sourceTree = "<group>"; };
		237F8A731C459A4C00036EA7 /* NFRDirectionalDepthProgram.h */ = {isa = PBXFileReference; fileEncoding = 4; lastKnownFileType = sourcecode.c.h; name = NFRDirectionalDepthProgram.h; path = NFRenderer/NFRDirectionalDepthProgram.h; sourceTree = "<group>"; };
		237F8A741C459A4C00036EA7 /* NFRDirectionalDepthProgram.m */ = {isa = PBXFileReference; fileEncoding = 4; lastKnownFileType = sourcecode.c.objc; name = NFRDirectionalDepthProgram.m; path = NFRenderer/NFRDirectionalDepthProgram.m; sourceTree = "<group>"; };
		2381561F1A16A1460018ECF3 /* NFSimulation.h */ = {isa = PBXFileReference; fileEncoding = 4; lastKnownFileType = sourcecode.c.h; name = NFSimulation.h; path = NFSimulation/NFSimulation.h; sourceTree = "<group>"; };
		238156201A16A1460018ECF3 /* NFSimulation.m */ = {isa = PBXFileReference; fileEncoding = 4; lastKnownFileType = sourcecode.c.objc; name = NFSimulation.m; path = NFSimulation/NFSimulation.m; sourceTree = "<group>"; };
		238156221A16A1A10018ECF3 /* NFCamera.h */ = {isa = PBXFileReference; fileEncoding = 4; lastKnownFileType = sourcecode.c.h; name = NFCamera.h; path = NFMechanics/NFCamera.h; sourceTree = "<group>"; };
		238156231A16A1A10018ECF3 /* NFCamera.m */ = {isa = PBXFileReference; fileEncoding = 4; lastKnownFileType = sourcecode.c.objc; name = NFCamera.m; path = NFMechanics/NFCamera.m; sourceTree = "<group>"; };
		23875B241C050B12008065B8 /* NFRDisplayTarget.h */ = {isa = PBXFileReference; fileEncoding = 4; lastKnownFileType = sourcecode.c.h; name = NFRDisplayTarget.h; path = NFRenderer/NFRDisplayTarget.h; sourceTree = "<group>"; };
		23875B251C050B12008065B8 /* NFRDisplayTarget.m */ = {isa = PBXFileReference; fileEncoding = 4; lastKnownFileType = sourcecode.c.objc; name = NFRDisplayTarget.m; path = NFRenderer/NFRDisplayTarget.m; sourceTree = "<group>"; };
		23875B271C050BD8008065B8 /* NFRRenderRequest.h */ = {isa = PBXFileReference; fileEncoding = 4; lastKnownFileType = sourcecode.c.h; name = NFRRenderRequest.h; path = NFRenderer/NFRRenderRequest.h; sourceTree = "<group>"; };
		23875B281C050BD8008065B8 /* NFRRenderRequest.m */ = {isa = PBXFileReference; fileEncoding = 4; lastKnownFileType = sourcecode.c.objc; name = NFRRenderRequest.m; path = NFRenderer/NFRRenderRequest.m; sourceTree = "<group>"; };
		23875B2A1C050CD6008065B8 /* NFRRenderTarget.h */ = {isa = PBXFileReference; fileEncoding = 4; lastKnownFileType = sourcecode.c.h; name = NFRRenderTarget.h; path = NFRenderer/NFRRenderTarget.h; sourceTree = "<group>"; };
		23875B2B1C050CD6008065B8 /* NFRRenderTarget.m */ = {isa = PBXFileReference; fileEncoding = 4; lastKnownFileType = sourcecode.c.objc; name = NFRRenderTarget.m; path = NFRenderer/NFRRenderTarget.m; sourceTree = "<group>"; };
		23A8095C1901BF340062445D /* NFAssetData+Procedural.h */ = {isa = PBXFileReference; fileEncoding = 4; lastKnownFileType = sourcecode.c.h; name = "NFAssetData+Procedural.h"; path = "NFAssetPipeline/NFAssetData+Procedural.h"; sourceTree = "<group>"; };
		23A8095D1901BF340062445D /* NFAssetData+Procedural.m */ = {isa = PBXFileReference; fileEncoding = 4; lastKnownFileType = sourcecode.c.objc; name = "NFAssetData+Procedural.m"; path = "NFAssetPipeline/NFAssetData+Procedural.m"; sourceTree = "<group>"; };
		23C2D8AA1B3C988A00A7CA49 /* NFRDefaultProgram.h */ = {isa = PBXFileReference; fileEncoding = 4; lastKnownFileType = sourcecode.c.h; name = NFRDefaultProgram.h; path = NFRenderer/NFRDefaultProgram.h; sourceTree = "<group>"; };
		23C2D8AB1B3C988A00A7CA49 /* NFRDefaultProgram.m */ = {isa = PBXFileReference; fileEncoding = 4; lastKnownFileType = sourcecode.c.objc; name = NFRDefaultProgram.m; path = NFRenderer/NFRDefaultProgram.m; sourceTree = "<group>"; };
		23C2D8AD1B3C98A500A7CA49 /* NFRDebugProgram.h */ = {isa = PBXFileReference; fileEncoding = 4; lastKnownFileType = sourcecode.c.h; name = NFRDebugProgram.h; path = NFRenderer/NFRDebugProgram.h; sourceTree = "<group>"; };
		23C2D8AE1B3C98A500A7CA49 /* NFRDebugProgram.m */ = {isa = PBXFileReference; fileEncoding = 4; lastKnownFileType = sourcecode.c.objc; name = NFRDebugProgram.m; path = NFRenderer/NFRDebugProgram.m; sourceTree = "<group>"; };
		23C2D8B01B3C995500A7CA49 /* NFRResources.h */ = {isa = PBXFileReference; fileEncoding = 4; lastKnownFileType = sourcecode.c.h; name = NFRResources.h; path = NFRenderer/NFRResources.h; sourceTree = "<group>"; };
		23C2D8B11B3C995500A7CA49 /* NFRResources.m */ = {isa = PBXFileReference; fileEncoding = 4; lastKnownFileType = sourcecode.c.objc; name = NFRResources.m; path = NFRenderer/NFRResources.m; sourceTree = "<group>"; };
		23C2D8B31B3C9B1500A7CA49 /* NFRProgramProtocol.h */ = {isa = PBXFileReference; fileEncoding = 4; lastKnownFileType = sourcecode.c.h; name = NFRProgramProtocol.h; path = NFRenderer/NFRProgramProtocol.h; sourceTree = "<group>"; };
		23DF9D9E1CECD1D0004F1153 /* PointDepthMap.fsh */ = {isa = PBXFileReference; fileEncoding = 4; lastKnownFileType = sourcecode.glsl; name = PointDepthMap.fsh; path = ../shaders/PointDepthMap.fsh; sourceTree = "<group>"; };
		23DF9D9F1CECD1D0004F1153 /* PointDepthMap.gsh */ = {isa = PBXFileReference; fileEncoding = 4; lastKnownFileType = sourcecode.glsl; name = PointDepthMap.gsh; path = ../shaders/PointDepthMap.gsh; sourceTree = "<group>"; };
		23DF9DA01CECD1D0004F1153 /* PointDepthMap.vsh */ = {isa = PBXFileReference; fileEncoding = 4; lastKnownFileType = sourcecode.glsl; name = PointDepthMap.vsh; path = ../shaders/PointDepthMap.vsh; sourceTree = "<group>"; };
		23DF9DA41CECDD09004F1153 /* NFRPointDepthProgram.h */ = {isa = PBXFileReference; fileEncoding = 4; lastKnownFileType = sourcecode.c.h; name = NFRPointDepthProgram.h; path = NFRenderer/NFRPointDepthProgram.h; sourceTree = "<group>"; };
		23DF9DA51CECDD09004F1153 /* NFRPointDepthProgram.m */ = {isa = PBXFileReference; fileEncoding = 4; lastKnownFileType = sourcecode.c.objc; name = NFRPointDepthProgram.m; path = NFRenderer/NFRPointDepthProgram.m; sourceTree = "<group>"; };
		23E9873E18DCAC7000F76B1A /* NFAssetData+Wavefront.h */ = {isa = PBXFileReference; fileEncoding = 4; lastKnownFileType = sourcecode.c.h; name = "NFAssetData+Wavefront.h"; path = "NFAssetPipeline/NFAssetData+Wavefront.h"; sourceTree = "<group>"; };
		23E9873F18DCAC7000F76B1A /* NFAssetData+Wavefront.m */ = {isa = PBXFileReference; fileEncoding = 4; lastKnownFileType = sourcecode.c.objc; name = "NFAssetData+Wavefront.m"; path = "NFAssetPipeline/NFAssetData+Wavefront.m"; sourceTree = "<group>"; };
		23EB03241ACCDA6200084CEF /* DefaultModel.fsh */ = {isa = PBXFileReference; fileEncoding = 4; lastKnownFileType = sourcecode.glsl; name = DefaultModel.fsh; path = ../shaders/DefaultModel.fsh; sourceTree = "<group>"; };
		23EB03251ACCDA6200084CEF /* DefaultModel.vsh */ = {isa = PBXFileReference; fileEncoding = 4; lastKnownFileType = sourcecode.glsl; name = DefaultModel.vsh; path = ../shaders/DefaultModel.vsh; sourceTree = "<group>"; };
/* End PBXFileReference section */

/* Begin PBXFrameworksBuildPhase section */
		234E2CBB188382CC00AF8F23 /* Frameworks */ = {
			isa = PBXFrameworksBuildPhase;
			buildActionMask = 2147483647;
			files = (
				233798031885E26F00399EBA /* QuartzCore.framework in Frameworks */,
				233798011885E26700399EBA /* GLKit.framework in Frameworks */,
				233797FF1885E25F00399EBA /* OpenGL.framework in Frameworks */,
				234E2CC2188382CC00AF8F23 /* Cocoa.framework in Frameworks */,
			);
			runOnlyForDeploymentPostprocessing = 0;
		};
/* End PBXFrameworksBuildPhase section */

/* Begin PBXGroup section */
		233214D9190200100006EFA3 /* NFAssetDataCategories */ = {
			isa = PBXGroup;
			children = (
				23E9873E18DCAC7000F76B1A /* NFAssetData+Wavefront.h */,
				23E9873F18DCAC7000F76B1A /* NFAssetData+Wavefront.m */,
				23A8095C1901BF340062445D /* NFAssetData+Procedural.h */,
				23A8095D1901BF340062445D /* NFAssetData+Procedural.m */,
			);
			name = NFAssetDataCategories;
			sourceTree = "<group>";
		};
		233797E71885E05100399EBA /* NFAssetPipeline */ = {
			isa = PBXGroup;
			children = (
				233214D9190200100006EFA3 /* NFAssetDataCategories */,
				233797EB1885E1CA00399EBA /* NFWavefrontObj.h */,
				233797EC1885E1CA00399EBA /* NFWavefrontObj.m */,
				233214D61901F9FD0006EFA3 /* NFAssetLoader.h */,
				233214D71901F9FD0006EFA3 /* NFAssetLoader.m */,
				233FAEB21A9F7FA000AD025B /* NFAssetUtils.h */,
				233FAEB31A9F7FA000AD025B /* NFAssetUtils.m */,
			);
			name = NFAssetPipeline;
			sourceTree = "<group>";
		};
		233797E81885E06C00399EBA /* NFRenderer */ = {
			isa = PBXGroup;
			children = (
				23C2D8A91B3C976300A7CA49 /* NFRShaderPrograms */,
				235F39671B2D969E00B3CBA5 /* NFRDataMap.h */,
				235F39681B2D969E00B3CBA5 /* NFRDataMap.m */,
				23875B241C050B12008065B8 /* NFRDisplayTarget.h */,
				23875B251C050B12008065B8 /* NFRDisplayTarget.m */,
				233797EF1885E1DF00399EBA /* NFRenderer.h */,
				233797F01885E1DF00399EBA /* NFRenderer.m */,
				23875B271C050BD8008065B8 /* NFRRenderRequest.h */,
				23875B281C050BD8008065B8 /* NFRRenderRequest.m */,
				23875B2A1C050CD6008065B8 /* NFRRenderTarget.h */,
				23875B2B1C050CD6008065B8 /* NFRRenderTarget.m */,
				23C2D8B01B3C995500A7CA49 /* NFRResources.h */,
				23C2D8B11B3C995500A7CA49 /* NFRResources.m */,
				233797F11885E1DF00399EBA /* NFRUtils.h */,
				233797F21885E1DF00399EBA /* NFRUtils.m */,
			);
			name = NFRenderer;
			sourceTree = "<group>";
		};
		233797F51885E21600399EBA /* Shaders */ = {
			isa = PBXGroup;
			children = (
				23DF9D9D1CECCE5D004F1153 /* ShadowMapping */,
				237513111D4E50FA00E48EB2 /* CubeMap.fsh */,
				237513121D4E50FA00E48EB2 /* CubeMap.vsh */,
				233797F61885E23600399EBA /* Debug.fsh */,
				233797F71885E23600399EBA /* Debug.vsh */,
				23EB03241ACCDA6200084CEF /* DefaultModel.fsh */,
				23EB03251ACCDA6200084CEF /* DefaultModel.vsh */,
				2374621A1C00F64B006EC923 /* Display.fsh */,
				2374621B1C00F64B006EC923 /* Display.vsh */,
			);
			name = Shaders;
			sourceTree = "<group>";
		};
		234E2CB5188382CC00AF8F23 = {
			isa = PBXGroup;
			children = (
				234E853C1B2BAD3F009B34BF /* NFAssetData */,
				233797E71885E05100399EBA /* NFAssetPipeline */,
				2381561D1A16A1030018ECF3 /* NFMechanics */,
				233797E81885E06C00399EBA /* NFRenderer */,
				2381561E1A16A10E0018ECF3 /* NFSimulation */,
				23767231189067F700AE8A5C /* NFUtils */,
				234E2CC7188382CC00AF8F23 /* NSFramework */,
				233797F51885E21600399EBA /* Shaders */,
				234E2CC0188382CC00AF8F23 /* Frameworks */,
				234E2CBF188382CC00AF8F23 /* Products */,
			);
			sourceTree = "<group>";
		};
		234E2CBF188382CC00AF8F23 /* Products */ = {
			isa = PBXGroup;
			children = (
				234E2CBE188382CC00AF8F23 /* NSFramework.app */,
			);
			name = Products;
			sourceTree = "<group>";
		};
		234E2CC0188382CC00AF8F23 /* Frameworks */ = {
			isa = PBXGroup;
			children = (
				233798021885E26F00399EBA /* QuartzCore.framework */,
				233798001885E26700399EBA /* GLKit.framework */,
				233797FE1885E25F00399EBA /* OpenGL.framework */,
				234E2CC1188382CC00AF8F23 /* Cocoa.framework */,
			);
			name = Frameworks;
			sourceTree = "<group>";
		};
		234E2CC7188382CC00AF8F23 /* NSFramework */ = {
			isa = PBXGroup;
			children = (
				2306F4091886116E008031BD /* NFView.h */,
				2306F40A1886116E008031BD /* NFView.m */,
				234E2CD3188382CC00AF8F23 /* AppDelegate.h */,
				234E2CD4188382CC00AF8F23 /* AppDelegate.m */,
				234E2CC8188382CC00AF8F23 /* Supporting Files */,
			);
			path = NSFramework;
			sourceTree = "<group>";
		};
		234E2CC8188382CC00AF8F23 /* Supporting Files */ = {
			isa = PBXGroup;
			children = (
				234E2CD9188382CC00AF8F23 /* Images.xcassets */,
				234E2CD6188382CC00AF8F23 /* MainMenu.xib */,
				234E2CC9188382CC00AF8F23 /* NSFramework-Info.plist */,
				234E2CCA188382CC00AF8F23 /* InfoPlist.strings */,
				234E2CCD188382CC00AF8F23 /* main.m */,
				234E2CCF188382CC00AF8F23 /* NSFramework-Prefix.pch */,
				234E2CD0188382CC00AF8F23 /* Credits.rtf */,
			);
			name = "Supporting Files";
			sourceTree = "<group>";
		};
		234E853C1B2BAD3F009B34BF /* NFAssetData */ = {
			isa = PBXGroup;
			children = (
				234E853D1B2BAD82009B34BF /* NFAssetData.h */,
				234E853E1B2BAD82009B34BF /* NFAssetData.m */,
				234E85431B2BAF91009B34BF /* NFAssetSubset.h */,
				234E85441B2BAF91009B34BF /* NFAssetSubset.m */,
				234E85401B2BAE20009B34BF /* NFLightSource.h */,
				234E85411B2BAE20009B34BF /* NFLightSource.m */,
				235F39641B2D968600B3CBA5 /* NFSurfaceModel.h */,
				235F39651B2D968600B3CBA5 /* NFSurfaceModel.m */,
			);
			name = NFAssetData;
			sourceTree = "<group>";
		};
		23767231189067F700AE8A5C /* NFUtils */ = {
			isa = PBXGroup;
			children = (
				235E326A1B27D5B3002AF5C7 /* NFCommonTypes.h */,
				232BDD961A15A17500BB8A6C /* NFUtils.h */,
				232BDD971A15A17500BB8A6C /* NFUtils.m */,
			);
			name = NFUtils;
			sourceTree = "<group>";
		};
		2381561D1A16A1030018ECF3 /* NFMechanics */ = {
			isa = PBXGroup;
			children = (
				238156221A16A1A10018ECF3 /* NFCamera.h */,
				238156231A16A1A10018ECF3 /* NFCamera.m */,
			);
			name = NFMechanics;
			sourceTree = "<group>";
		};
		2381561E1A16A10E0018ECF3 /* NFSimulation */ = {
			isa = PBXGroup;
			children = (
				2381561F1A16A1460018ECF3 /* NFSimulation.h */,
				238156201A16A1460018ECF3 /* NFSimulation.m */,
			);
			name = NFSimulation;
			sourceTree = "<group>";
		};
		23C2D8A91B3C976300A7CA49 /* NFRShaderPrograms */ = {
			isa = PBXGroup;
			children = (
				23C2D8B31B3C9B1500A7CA49 /* NFRProgramProtocol.h */,
				23C2D8AD1B3C98A500A7CA49 /* NFRDebugProgram.h */,
				23C2D8AE1B3C98A500A7CA49 /* NFRDebugProgram.m */,
				23C2D8AA1B3C988A00A7CA49 /* NFRDefaultProgram.h */,
				23C2D8AB1B3C988A00A7CA49 /* NFRDefaultProgram.m */,
				237F8A731C459A4C00036EA7 /* NFRDirectionalDepthProgram.h */,
				237F8A741C459A4C00036EA7 /* NFRDirectionalDepthProgram.m */,
				23530A171C02621F00F6B252 /* NFRDisplayProgram.h */,
				23530A181C02621F00F6B252 /* NFRDisplayProgram.m */,
				23DF9DA41CECDD09004F1153 /* NFRPointDepthProgram.h */,
				23DF9DA51CECDD09004F1153 /* NFRPointDepthProgram.m */,
				237513151D4E6B1D00E48EB2 /* NFRCubeMapProgram.h */,
				237513161D4E6B1D00E48EB2 /* NFRCubeMapProgram.m */,
			);
			name = NFRShaderPrograms;
			sourceTree = "<group>";
		};
		23DF9D9D1CECCE5D004F1153 /* ShadowMapping */ = {
			isa = PBXGroup;
			children = (
				23DF9D9E1CECD1D0004F1153 /* PointDepthMap.fsh */,
				23DF9D9F1CECD1D0004F1153 /* PointDepthMap.gsh */,
				23DF9DA01CECD1D0004F1153 /* PointDepthMap.vsh */,
				237F8A6F1C45970F00036EA7 /* DirectionalDepthMap.fsh */,
				237F8A701C45971000036EA7 /* DirectionalDepthMap.vsh */,
			);
			name = ShadowMapping;
			sourceTree = "<group>";
		};
/* End PBXGroup section */

/* Begin PBXNativeTarget section */
		234E2CBD188382CC00AF8F23 /* NSFramework */ = {
			isa = PBXNativeTarget;
			buildConfigurationList = 234E2CEF188382CC00AF8F23 /* Build configuration list for PBXNativeTarget "NSFramework" */;
			buildPhases = (
				234E2CBA188382CC00AF8F23 /* Sources */,
				234E2CBB188382CC00AF8F23 /* Frameworks */,
				234E2CBC188382CC00AF8F23 /* Resources */,
			);
			buildRules = (
			);
			dependencies = (
			);
			name = NSFramework;
			productName = NSGLFramework;
			productReference = 234E2CBE188382CC00AF8F23 /* NSFramework.app */;
			productType = "com.apple.product-type.application";
		};
/* End PBXNativeTarget section */

/* Begin PBXProject section */
		234E2CB6188382CC00AF8F23 /* Project object */ = {
			isa = PBXProject;
			attributes = {
				LastUpgradeCheck = 0800;
				ORGANIZATIONNAME = "Casey Crouch";
			};
			buildConfigurationList = 234E2CB9188382CC00AF8F23 /* Build configuration list for PBXProject "NSFramework" */;
			compatibilityVersion = "Xcode 6.3";
			developmentRegion = English;
			hasScannedForEncodings = 0;
			knownRegions = (
				en,
				Base,
			);
			mainGroup = 234E2CB5188382CC00AF8F23;
			productRefGroup = 234E2CBF188382CC00AF8F23 /* Products */;
			projectDirPath = "";
			projectRoot = "";
			targets = (
				234E2CBD188382CC00AF8F23 /* NSFramework */,
			);
		};
/* End PBXProject section */

/* Begin PBXResourcesBuildPhase section */
		234E2CBC188382CC00AF8F23 /* Resources */ = {
			isa = PBXResourcesBuildPhase;
			buildActionMask = 2147483647;
			files = (
				23DF9DA31CECD1D0004F1153 /* PointDepthMap.vsh in Resources */,
				23DF9DA11CECD1D0004F1153 /* PointDepthMap.fsh in Resources */,
				2374621C1C00F64B006EC923 /* Display.fsh in Resources */,
				237513141D4E50FA00E48EB2 /* CubeMap.vsh in Resources */,
				233797FB1885E23600399EBA /* Debug.vsh in Resources */,
				233797FA1885E23600399EBA /* Debug.fsh in Resources */,
				2374621D1C00F64B006EC923 /* Display.vsh in Resources */,
				234E2CCC188382CC00AF8F23 /* InfoPlist.strings in Resources */,
				237513131D4E50FA00E48EB2 /* CubeMap.fsh in Resources */,
				237F8A721C45971000036EA7 /* DirectionalDepthMap.vsh in Resources */,
				23EB03261ACCDA6200084CEF /* DefaultModel.fsh in Resources */,
				23EB03271ACCDA6200084CEF /* DefaultModel.vsh in Resources */,
				234E2CDA188382CC00AF8F23 /* Images.xcassets in Resources */,
				237F8A711C45971000036EA7 /* DirectionalDepthMap.fsh in Resources */,
				234E2CD2188382CC00AF8F23 /* Credits.rtf in Resources */,
				23DF9DA21CECD1D0004F1153 /* PointDepthMap.gsh in Resources */,
				234E2CD8188382CC00AF8F23 /* MainMenu.xib in Resources */,
			);
			runOnlyForDeploymentPostprocessing = 0;
		};
/* End PBXResourcesBuildPhase section */

/* Begin PBXSourcesBuildPhase section */
		234E2CBA188382CC00AF8F23 /* Sources */ = {
			isa = PBXSourcesBuildPhase;
			buildActionMask = 2147483647;
			files = (
				233797F31885E1DF00399EBA /* NFRenderer.m in Sources */,
				23C2D8AC1B3C988A00A7CA49 /* NFRDefaultProgram.m in Sources */,
				232BDD981A15A17500BB8A6C /* NFUtils.m in Sources */,
				238156241A16A1A10018ECF3 /* NFCamera.m in Sources */,
				23875B291C050BD8008065B8 /* NFRRenderRequest.m in Sources */,
				237513171D4E6B1D00E48EB2 /* NFRCubeMapProgram.m in Sources */,
				234E2CD5188382CC00AF8F23 /* AppDelegate.m in Sources */,
				234E2CCE188382CC00AF8F23 /* main.m in Sources */,
				23875B2C1C050CD6008065B8 /* NFRRenderTarget.m in Sources */,
				233797EE1885E1CA00399EBA /* NFWavefrontObj.m in Sources */,
				23DF9DA61CECDD09004F1153 /* NFRPointDepthProgram.m in Sources */,
				238156211A16A1460018ECF3 /* NFSimulation.m in Sources */,
				23C2D8B21B3C995500A7CA49 /* NFRResources.m in Sources */,
				237F8A751C459A4C00036EA7 /* NFRDirectionalDepthProgram.m in Sources */,
				235F39691B2D969E00B3CBA5 /* NFRDataMap.m in Sources */,
				234E85421B2BAE20009B34BF /* NFLightSource.m in Sources */,
				234E853F1B2BAD82009B34BF /* NFAssetData.m in Sources */,
				233214D81901F9FD0006EFA3 /* NFAssetLoader.m in Sources */,
				23E9874018DCAC7000F76B1A /* NFAssetData+Wavefront.m in Sources */,
				234E85451B2BAF91009B34BF /* NFAssetSubset.m in Sources */,
				23875B261C050B12008065B8 /* NFRDisplayTarget.m in Sources */,
				235F39661B2D968600B3CBA5 /* NFSurfaceModel.m in Sources */,
				23530A191C02621F00F6B252 /* NFRDisplayProgram.m in Sources */,
				2306F40B1886116E008031BD /* NFView.m in Sources */,
				23A8095E1901BF340062445D /* NFAssetData+Procedural.m in Sources */,
				233797F41885E1DF00399EBA /* NFRUtils.m in Sources */,
				233FAEB41A9F7FA000AD025B /* NFAssetUtils.m in Sources */,
				23C2D8AF1B3C98A500A7CA49 /* NFRDebugProgram.m in Sources */,
			);
			runOnlyForDeploymentPostprocessing = 0;
		};
/* End PBXSourcesBuildPhase section */

/* Begin PBXVariantGroup section */
		234E2CCA188382CC00AF8F23 /* InfoPlist.strings */ = {
			isa = PBXVariantGroup;
			children = (
				234E2CCB188382CC00AF8F23 /* en */,
			);
			name = InfoPlist.strings;
			sourceTree = "<group>";
		};
		234E2CD0188382CC00AF8F23 /* Credits.rtf */ = {
			isa = PBXVariantGroup;
			children = (
				234E2CD1188382CC00AF8F23 /* en */,
			);
			name = Credits.rtf;
			sourceTree = "<group>";
		};
		234E2CD6188382CC00AF8F23 /* MainMenu.xib */ = {
			isa = PBXVariantGroup;
			children = (
				234E2CD7188382CC00AF8F23 /* Base */,
			);
			name = MainMenu.xib;
			sourceTree = "<group>";
		};
/* End PBXVariantGroup section */

/* Begin XCBuildConfiguration section */
		234E2CED188382CC00AF8F23 /* Debug */ = {
			isa = XCBuildConfiguration;
			buildSettings = {
				ALWAYS_SEARCH_USER_PATHS = NO;
				CLANG_ANALYZER_SECURITY_FLOATLOOPCOUNTER = YES;
				CLANG_ANALYZER_SECURITY_INSECUREAPI_RAND = YES;
				CLANG_ANALYZER_SECURITY_INSECUREAPI_STRCPY = YES;
				CLANG_CXX_LANGUAGE_STANDARD = "c++0x";
				CLANG_CXX_LIBRARY = "libc++";
				CLANG_ENABLE_OBJC_ARC = YES;
				CLANG_WARN_BOOL_CONVERSION = YES;
				CLANG_WARN_CONSTANT_CONVERSION = YES;
				CLANG_WARN_DEPRECATED_OBJC_IMPLEMENTATIONS = YES;
				CLANG_WARN_DIRECT_OBJC_ISA_USAGE = YES_ERROR;
				CLANG_WARN_EMPTY_BODY = YES;
				CLANG_WARN_ENUM_CONVERSION = YES;
				CLANG_WARN_INFINITE_RECURSION = YES;
				CLANG_WARN_INT_CONVERSION = YES;
				CLANG_WARN_OBJC_EXPLICIT_OWNERSHIP_TYPE = YES;
				CLANG_WARN_OBJC_IMPLICIT_ATOMIC_PROPERTIES = NO;
				CLANG_WARN_OBJC_IMPLICIT_RETAIN_SELF = YES;
				CLANG_WARN_OBJC_MISSING_PROPERTY_SYNTHESIS = NO;
				CLANG_WARN_OBJC_REPEATED_USE_OF_WEAK = YES;
				CLANG_WARN_OBJC_ROOT_CLASS = YES_ERROR;
				CLANG_WARN_SUSPICIOUS_MOVE = YES;
				CLANG_WARN_UNREACHABLE_CODE = YES;
				CLANG_WARN__DUPLICATE_METHOD_MATCH = YES;
				COPY_PHASE_STRIP = NO;
				ENABLE_STRICT_OBJC_MSGSEND = YES;
				ENABLE_TESTABILITY = YES;
				GCC_C_LANGUAGE_STANDARD = c11;
				GCC_DYNAMIC_NO_PIC = NO;
				GCC_ENABLE_CPP_EXCEPTIONS = NO;
				GCC_ENABLE_CPP_RTTI = YES;
				GCC_ENABLE_OBJC_EXCEPTIONS = YES;
				GCC_NO_COMMON_BLOCKS = YES;
				GCC_OPTIMIZATION_LEVEL = 0;
				GCC_PREPROCESSOR_DEFINITIONS = (
					"DEBUG=1",
					"$(inherited)",
				);
				GCC_SYMBOLS_PRIVATE_EXTERN = NO;
				GCC_WARN_64_TO_32_BIT_CONVERSION = YES;
				GCC_WARN_ABOUT_RETURN_TYPE = YES_ERROR;
				GCC_WARN_STRICT_SELECTOR_MATCH = YES;
				GCC_WARN_UNDECLARED_SELECTOR = YES;
				GCC_WARN_UNINITIALIZED_AUTOS = YES;
				GCC_WARN_UNUSED_FUNCTION = YES;
				GCC_WARN_UNUSED_VARIABLE = YES;
				INSTALL_OWNER = cbcrouch;
				MACOSX_DEPLOYMENT_TARGET = 10.11;
				ONLY_ACTIVE_ARCH = YES;
				OTHER_CFLAGS = (
					"-U",
					__STRICT_ANSI__,
				);
				OTHER_CPLUSPLUSFLAGS = "";
				SDKROOT = macosx;
				STRINGS_FILE_OUTPUT_ENCODING = "UTF-16";
			};
			name = Debug;
		};
		234E2CEE188382CC00AF8F23 /* Release */ = {
			isa = XCBuildConfiguration;
			buildSettings = {
				ALWAYS_SEARCH_USER_PATHS = NO;
				CLANG_ANALYZER_SECURITY_FLOATLOOPCOUNTER = YES;
				CLANG_ANALYZER_SECURITY_INSECUREAPI_RAND = YES;
				CLANG_ANALYZER_SECURITY_INSECUREAPI_STRCPY = YES;
				CLANG_CXX_LANGUAGE_STANDARD = "c++0x";
				CLANG_CXX_LIBRARY = "libc++";
				CLANG_ENABLE_OBJC_ARC = YES;
				CLANG_WARN_BOOL_CONVERSION = YES;
				CLANG_WARN_CONSTANT_CONVERSION = YES;
				CLANG_WARN_DEPRECATED_OBJC_IMPLEMENTATIONS = YES;
				CLANG_WARN_DIRECT_OBJC_ISA_USAGE = YES_ERROR;
				CLANG_WARN_EMPTY_BODY = YES;
				CLANG_WARN_ENUM_CONVERSION = YES;
				CLANG_WARN_INFINITE_RECURSION = YES;
				CLANG_WARN_INT_CONVERSION = YES;
				CLANG_WARN_OBJC_EXPLICIT_OWNERSHIP_TYPE = YES;
				CLANG_WARN_OBJC_IMPLICIT_ATOMIC_PROPERTIES = NO;
				CLANG_WARN_OBJC_IMPLICIT_RETAIN_SELF = YES;
				CLANG_WARN_OBJC_MISSING_PROPERTY_SYNTHESIS = NO;
				CLANG_WARN_OBJC_REPEATED_USE_OF_WEAK = YES;
				CLANG_WARN_OBJC_ROOT_CLASS = YES_ERROR;
				CLANG_WARN_SUSPICIOUS_MOVE = YES;
				CLANG_WARN_UNREACHABLE_CODE = YES;
				CLANG_WARN__DUPLICATE_METHOD_MATCH = YES;
				COPY_PHASE_STRIP = YES;
				DEBUG_INFORMATION_FORMAT = "dwarf-with-dsym";
				ENABLE_NS_ASSERTIONS = NO;
				ENABLE_STRICT_OBJC_MSGSEND = YES;
				GCC_C_LANGUAGE_STANDARD = c11;
				GCC_ENABLE_CPP_EXCEPTIONS = NO;
				GCC_ENABLE_CPP_RTTI = NO;
				GCC_ENABLE_OBJC_EXCEPTIONS = YES;
				GCC_NO_COMMON_BLOCKS = YES;
				GCC_WARN_64_TO_32_BIT_CONVERSION = YES;
				GCC_WARN_ABOUT_RETURN_TYPE = YES_ERROR;
				GCC_WARN_STRICT_SELECTOR_MATCH = YES;
				GCC_WARN_UNDECLARED_SELECTOR = YES;
				GCC_WARN_UNINITIALIZED_AUTOS = YES;
				GCC_WARN_UNUSED_FUNCTION = YES;
				GCC_WARN_UNUSED_VARIABLE = YES;
				INSTALL_OWNER = cbcrouch;
				MACOSX_DEPLOYMENT_TARGET = 10.11;
				OTHER_CFLAGS = (
					"-U",
					__STRICT_ANSI__,
				);
				OTHER_CPLUSPLUSFLAGS = "";
				SDKROOT = macosx;
				STRINGS_FILE_OUTPUT_ENCODING = "UTF-16";
			};
			name = Release;
		};
		234E2CF0188382CC00AF8F23 /* Debug */ = {
			isa = XCBuildConfiguration;
			buildSettings = {
				ASSETCATALOG_COMPILER_APPICON_NAME = AppIcon;
				CLANG_ENABLE_OBJC_ARC = YES;
				COMBINE_HIDPI_IMAGES = YES;
				GCC_C_LANGUAGE_STANDARD = c11;
				GCC_PRECOMPILE_PREFIX_HEADER = YES;
				GCC_PREFIX_HEADER = "NSFramework/NSFramework-Prefix.pch";
				INFOPLIST_FILE = "NSFramework/NSFramework-Info.plist";
				MACOSX_DEPLOYMENT_TARGET = 10.10;
				PRODUCT_BUNDLE_IDENTIFIER = "CC.${PRODUCT_NAME:rfc1034identifier}";
				PRODUCT_NAME = NSFramework;
				WRAPPER_EXTENSION = app;
			};
			name = Debug;
		};
		234E2CF1188382CC00AF8F23 /* Release */ = {
			isa = XCBuildConfiguration;
			buildSettings = {
				ASSETCATALOG_COMPILER_APPICON_NAME = AppIcon;
				CLANG_ENABLE_OBJC_ARC = YES;
				COMBINE_HIDPI_IMAGES = YES;
				GCC_C_LANGUAGE_STANDARD = c11;
				GCC_PRECOMPILE_PREFIX_HEADER = YES;
				GCC_PREFIX_HEADER = "NSFramework/NSFramework-Prefix.pch";
				INFOPLIST_FILE = "NSFramework/NSFramework-Info.plist";
				MACOSX_DEPLOYMENT_TARGET = 10.10;
				PRODUCT_BUNDLE_IDENTIFIER = "CC.${PRODUCT_NAME:rfc1034identifier}";
				PRODUCT_NAME = NSFramework;
				WRAPPER_EXTENSION = app;
			};
			name = Release;
		};
/* End XCBuildConfiguration section */

/* Begin XCConfigurationList section */
		234E2CB9188382CC00AF8F23 /* Build configuration list for PBXProject "NSFramework" */ = {
			isa = XCConfigurationList;
			buildConfigurations = (
				234E2CED188382CC00AF8F23 /* Debug */,
				234E2CEE188382CC00AF8F23 /* Release */,
			);
			defaultConfigurationIsVisible = 0;
			defaultConfigurationName = Release;
		};
		234E2CEF188382CC00AF8F23 /* Build configuration list for PBXNativeTarget "NSFramework" */ = {
			isa = XCConfigurationList;
			buildConfigurations = (
				234E2CF0188382CC00AF8F23 /* Debug */,
				234E2CF1188382CC00AF8F23 /* Release */,
			);
			defaultConfigurationIsVisible = 0;
			defaultConfigurationName = Release;
		};
/* End XCConfigurationList section */
	};
	rootObject = 234E2CB6188382CC00AF8F23 /* Project object */;
}
